
Microsoft Visual Studio Solution File, Format Version 12.00
# Visual Studio Version 17
VisualStudioVersion = 17.0.31903.59
MinimumVisualStudioVersion = 10.0.40219.1
Project("{2150E333-8FDC-42A3-9474-1A3956D46DE8}") = "src", "src", "{827E0CD3-B72D-47B6-A68D-7590B98EB39B}"
EndProject
Project("{2150E333-8FDC-42A3-9474-1A3956D46DE8}") = "virtual", "virtual", "{433B7249-8587-7D32-FA7C-BA91C60C9894}"
EndProject
Project("{2150E333-8FDC-42A3-9474-1A3956D46DE8}") = "src", "src", "{3A2844C5-367B-C96D-709C-D97EDE58D2EE}"
EndProject
Project("{FAE04EC0-301F-11D3-BF4B-00C04F79EFBC}") = "gateway", "src\virtual\src\gateway\gateway.csproj", "{ED2F0322-EEC1-4759-A839-06441F89468E}"
EndProject
Project("{2150E333-8FDC-42A3-9474-1A3956D46DE8}") = "tests", "tests", "{1CEEC5D4-605F-8356-8D82-9FA722E138D9}"
EndProject
Project("{FAE04EC0-301F-11D3-BF4B-00C04F79EFBC}") = "business-tests", "src\virtual\tests\business-tests\business-tests.csproj", "{6088CD92-8F3C-4587-B0EF-3EB626DB54F3}"
EndProject
Project("{FAE04EC0-301F-11D3-BF4B-00C04F79EFBC}") = "engine-tests", "src\virtual\tests\engine-tests\engine-tests.csproj", "{5F415FBB-8FD2-4398-A810-8C4815372592}"
EndProject
Project("{FAE04EC0-301F-11D3-BF4B-00C04F79EFBC}") = "gateway-tests", "src\virtual\tests\gateway-tests\gateway-tests.csproj", "{7A00445F-6B1D-4FE7-A6AB-7C5FDA040A31}"
EndProject
Project("{FAE04EC0-301F-11D3-BF4B-00C04F79EFBC}") = "integration-tests", "src\virtual\tests\integration-tests\integration-tests.csproj", "{AEF39ABE-7BD8-4F37-9F27-F0426D6A4402}"
EndProject
Global
	GlobalSection(SolutionConfigurationPlatforms) = preSolution
		Debug|Any CPU = Debug|Any CPU
		Debug|x64 = Debug|x64
		Debug|x86 = Debug|x86
		Release|Any CPU = Release|Any CPU
		Release|x64 = Release|x64
		Release|x86 = Release|x86
	EndGlobalSection
	GlobalSection(ProjectConfigurationPlatforms) = postSolution
		{ED2F0322-EEC1-4759-A839-06441F89468E}.Debug|Any CPU.ActiveCfg = Debug|Any CPU
		{ED2F0322-EEC1-4759-A839-06441F89468E}.Debug|Any CPU.Build.0 = Debug|Any CPU
		{ED2F0322-EEC1-4759-A839-06441F89468E}.Debug|x64.ActiveCfg = Debug|Any CPU
		{ED2F0322-EEC1-4759-A839-06441F89468E}.Debug|x64.Build.0 = Debug|Any CPU
		{ED2F0322-EEC1-4759-A839-06441F89468E}.Debug|x86.ActiveCfg = Debug|Any CPU
		{ED2F0322-EEC1-4759-A839-06441F89468E}.Debug|x86.Build.0 = Debug|Any CPU
		{ED2F0322-EEC1-4759-A839-06441F89468E}.Release|Any CPU.ActiveCfg = Release|Any CPU
		{ED2F0322-EEC1-4759-A839-06441F89468E}.Release|Any CPU.Build.0 = Release|Any CPU
		{ED2F0322-EEC1-4759-A839-06441F89468E}.Release|x64.ActiveCfg = Release|Any CPU
		{ED2F0322-EEC1-4759-A839-06441F89468E}.Release|x64.Build.0 = Release|Any CPU
		{ED2F0322-EEC1-4759-A839-06441F89468E}.Release|x86.ActiveCfg = Release|Any CPU
		{ED2F0322-EEC1-4759-A839-06441F89468E}.Release|x86.Build.0 = Release|Any CPU
		{6088CD92-8F3C-4587-B0EF-3EB626DB54F3}.Debug|Any CPU.ActiveCfg = Debug|Any CPU
		{6088CD92-8F3C-4587-B0EF-3EB626DB54F3}.Debug|Any CPU.Build.0 = Debug|Any CPU
		{6088CD92-8F3C-4587-B0EF-3EB626DB54F3}.Debug|x64.ActiveCfg = Debug|Any CPU
		{6088CD92-8F3C-4587-B0EF-3EB626DB54F3}.Debug|x64.Build.0 = Debug|Any CPU
		{6088CD92-8F3C-4587-B0EF-3EB626DB54F3}.Debug|x86.ActiveCfg = Debug|Any CPU
		{6088CD92-8F3C-4587-B0EF-3EB626DB54F3}.Debug|x86.Build.0 = Debug|Any CPU
		{6088CD92-8F3C-4587-B0EF-3EB626DB54F3}.Release|Any CPU.ActiveCfg = Release|Any CPU
		{6088CD92-8F3C-4587-B0EF-3EB626DB54F3}.Release|Any CPU.Build.0 = Release|Any CPU
		{6088CD92-8F3C-4587-B0EF-3EB626DB54F3}.Release|x64.ActiveCfg = Release|Any CPU
		{6088CD92-8F3C-4587-B0EF-3EB626DB54F3}.Release|x64.Build.0 = Release|Any CPU
		{6088CD92-8F3C-4587-B0EF-3EB626DB54F3}.Release|x86.ActiveCfg = Release|Any CPU
		{6088CD92-8F3C-4587-B0EF-3EB626DB54F3}.Release|x86.Build.0 = Release|Any CPU
		{5F415FBB-8FD2-4398-A810-8C4815372592}.Debug|Any CPU.ActiveCfg = Debug|Any CPU
		{5F415FBB-8FD2-4398-A810-8C4815372592}.Debug|Any CPU.Build.0 = Debug|Any CPU
		{5F415FBB-8FD2-4398-A810-8C4815372592}.Debug|x64.ActiveCfg = Debug|Any CPU
		{5F415FBB-8FD2-4398-A810-8C4815372592}.Debug|x64.Build.0 = Debug|Any CPU
		{5F415FBB-8FD2-4398-A810-8C4815372592}.Debug|x86.ActiveCfg = Debug|Any CPU
		{5F415FBB-8FD2-4398-A810-8C4815372592}.Debug|x86.Build.0 = Debug|Any CPU
		{5F415FBB-8FD2-4398-A810-8C4815372592}.Release|Any CPU.ActiveCfg = Release|Any CPU
		{5F415FBB-8FD2-4398-A810-8C4815372592}.Release|Any CPU.Build.0 = Release|Any CPU
		{5F415FBB-8FD2-4398-A810-8C4815372592}.Release|x64.ActiveCfg = Release|Any CPU
		{5F415FBB-8FD2-4398-A810-8C4815372592}.Release|x64.Build.0 = Release|Any CPU
		{5F415FBB-8FD2-4398-A810-8C4815372592}.Release|x86.ActiveCfg = Release|Any CPU
		{5F415FBB-8FD2-4398-A810-8C4815372592}.Release|x86.Build.0 = Release|Any CPU
		{7A00445F-6B1D-4FE7-A6AB-7C5FDA040A31}.Debug|Any CPU.ActiveCfg = Debug|Any CPU
		{7A00445F-6B1D-4FE7-A6AB-7C5FDA040A31}.Debug|Any CPU.Build.0 = Debug|Any CPU
		{7A00445F-6B1D-4FE7-A6AB-7C5FDA040A31}.Debug|x64.ActiveCfg = Debug|Any CPU
		{7A00445F-6B1D-4FE7-A6AB-7C5FDA040A31}.Debug|x64.Build.0 = Debug|Any CPU
		{7A00445F-6B1D-4FE7-A6AB-7C5FDA040A31}.Debug|x86.ActiveCfg = Debug|Any CPU
		{7A00445F-6B1D-4FE7-A6AB-7C5FDA040A31}.Debug|x86.Build.0 = Debug|Any CPU
		{7A00445F-6B1D-4FE7-A6AB-7C5FDA040A31}.Release|Any CPU.ActiveCfg = Release|Any CPU
		{7A00445F-6B1D-4FE7-A6AB-7C5FDA040A31}.Release|Any CPU.Build.0 = Release|Any CPU
		{7A00445F-6B1D-4FE7-A6AB-7C5FDA040A31}.Release|x64.ActiveCfg = Release|Any CPU
		{7A00445F-6B1D-4FE7-A6AB-7C5FDA040A31}.Release|x64.Build.0 = Release|Any CPU
		{7A00445F-6B1D-4FE7-A6AB-7C5FDA040A31}.Release|x86.ActiveCfg = Release|Any CPU
		{7A00445F-6B1D-4FE7-A6AB-7C5FDA040A31}.Release|x86.Build.0 = Release|Any CPU
		{AEF39ABE-7BD8-4F37-9F27-F0426D6A4402}.Debug|Any CPU.ActiveCfg = Debug|Any CPU
		{AEF39ABE-7BD8-4F37-9F27-F0426D6A4402}.Debug|Any CPU.Build.0 = Debug|Any CPU
		{AEF39ABE-7BD8-4F37-9F27-F0426D6A4402}.Debug|x64.ActiveCfg = Debug|Any CPU
		{AEF39ABE-7BD8-4F37-9F27-F0426D6A4402}.Debug|x64.Build.0 = Debug|Any CPU
		{AEF39ABE-7BD8-4F37-9F27-F0426D6A4402}.Debug|x86.ActiveCfg = Debug|Any CPU
		{AEF39ABE-7BD8-4F37-9F27-F0426D6A4402}.Debug|x86.Build.0 = Debug|Any CPU
		{AEF39ABE-7BD8-4F37-9F27-F0426D6A4402}.Release|Any CPU.ActiveCfg = Release|Any CPU
		{AEF39ABE-7BD8-4F37-9F27-F0426D6A4402}.Release|Any CPU.Build.0 = Release|Any CPU
		{AEF39ABE-7BD8-4F37-9F27-F0426D6A4402}.Release|x64.ActiveCfg = Release|Any CPU
		{AEF39ABE-7BD8-4F37-9F27-F0426D6A4402}.Release|x64.Build.0 = Release|Any CPU
		{AEF39ABE-7BD8-4F37-9F27-F0426D6A4402}.Release|x86.ActiveCfg = Release|Any CPU
		{AEF39ABE-7BD8-4F37-9F27-F0426D6A4402}.Release|x86.Build.0 = Release|Any CPU
	EndGlobalSection
	GlobalSection(SolutionProperties) = preSolution
		HideSolutionNode = FALSE
	EndGlobalSection
	GlobalSection(NestedProjects) = preSolution
		{433B7249-8587-7D32-FA7C-BA91C60C9894} = {827E0CD3-B72D-47B6-A68D-7590B98EB39B}
		{3A2844C5-367B-C96D-709C-D97EDE58D2EE} = {433B7249-8587-7D32-FA7C-BA91C60C9894}
		{ED2F0322-EEC1-4759-A839-06441F89468E} = {3A2844C5-367B-C96D-709C-D97EDE58D2EE}
		{1CEEC5D4-605F-8356-8D82-9FA722E138D9} = {433B7249-8587-7D32-FA7C-BA91C60C9894}
		{6088CD92-8F3C-4587-B0EF-3EB626DB54F3} = {1CEEC5D4-605F-8356-8D82-9FA722E138D9}
		{5F415FBB-8FD2-4398-A810-8C4815372592} = {1CEEC5D4-605F-8356-8D82-9FA722E138D9}
		{7A00445F-6B1D-4FE7-A6AB-7C5FDA040A31} = {1CEEC5D4-605F-8356-8D82-9FA722E138D9}
		{AEF39ABE-7BD8-4F37-9F27-F0426D6A4402} = {1CEEC5D4-605F-8356-8D82-9FA722E138D9}
	EndGlobalSection
EndGlobal
