{
  "version": 2,
  "dependencies": {
    "net10.0": {
      "Microsoft.Extensions.DependencyInjection": {
        "type": "Direct",
        "requested": "[10.0.0-rtm.25513.102, )",
        "resolved": "10.0.0-rtm.25513.102",
        "contentHash": "FVTQvmUiHOctvUMD/+0e3IdYL7yhGnJJKbJZxkVGseOIlgnFBjjzQdC8zcFZQdaGcbSXdkrrHaHDEhZ6AFNwAg==",
        "dependencies": {
          "Microsoft.Extensions.DependencyInjection.Abstractions": "10.0.0-rtm.25513.102"
        }
      },
      "Microsoft.Extensions.Hosting": {
        "type": "Direct",
        "requested": "[10.0.0-rtm.25513.102, )",
        "resolved": "10.0.0-rtm.25513.102",
        "contentHash": "z/Dzygpv7M8EnesKBYAYPBqM3KiTCdphVRm19CApX70GYFSaKFFugfLYRpg4d2p09iSJsrqG3BC2X1KARYTi/A==",
        "dependencies": {
          "Microsoft.Extensions.Configuration": "10.0.0-rtm.25513.102",
          "Microsoft.Extensions.Configuration.Abstractions": "10.0.0-rtm.25513.102",
          "Microsoft.Extensions.Configuration.Binder": "10.0.0-rtm.25513.102",
          "Microsoft.Extensions.Configuration.CommandLine": "10.0.0-rtm.25513.102",
          "Microsoft.Extensions.Configuration.EnvironmentVariables": "10.0.0-rtm.25513.102",
          "Microsoft.Extensions.Configuration.FileExtensions": "10.0.0-rtm.25513.102",
          "Microsoft.Extensions.Configuration.Json": "10.0.0-rtm.25513.102",
          "Microsoft.Extensions.Configuration.UserSecrets": "10.0.0-rtm.25513.102",
          "Microsoft.Extensions.DependencyInjection": "10.0.0-rtm.25513.102",
          "Microsoft.Extensions.DependencyInjection.Abstractions": "10.0.0-rtm.25513.102",
          "Microsoft.Extensions.Diagnostics": "10.0.0-rtm.25513.102",
          "Microsoft.Extensions.FileProviders.Abstractions": "10.0.0-rtm.25513.102",
          "Microsoft.Extensions.FileProviders.Physical": "10.0.0-rtm.25513.102",
          "Microsoft.Extensions.Hosting.Abstractions": "10.0.0-rtm.25513.102",
          "Microsoft.Extensions.Logging": "10.0.0-rtm.25513.102",
          "Microsoft.Extensions.Logging.Abstractions": "10.0.0-rtm.25513.102",
          "Microsoft.Extensions.Logging.Configuration": "10.0.0-rtm.25513.102",
          "Microsoft.Extensions.Logging.Console": "10.0.0-rtm.25513.102",
          "Microsoft.Extensions.Logging.Debug": "10.0.0-rtm.25513.102",
          "Microsoft.Extensions.Logging.EventLog": "10.0.0-rtm.25513.102",
          "Microsoft.Extensions.Logging.EventSource": "10.0.0-rtm.25513.102",
          "Microsoft.Extensions.Options": "10.0.0-rtm.25513.102"
        }
      },
      "Microsoft.Extensions.Http": {
        "type": "Direct",
        "requested": "[10.0.0-rtm.25513.102, )",
        "resolved": "10.0.0-rtm.25513.102",
        "contentHash": "0ywYihcchl4hMBqBOT975u2A5iNbq7mUlhCSxiongcMrMLJVMbaymUqatmrBXGoUm1BgVTKnLF+kJdkJQQEytw==",
        "dependencies": {
          "Microsoft.Extensions.Configuration.Abstractions": "10.0.0-rtm.25513.102",
          "Microsoft.Extensions.DependencyInjection.Abstractions": "10.0.0-rtm.25513.102",
          "Microsoft.Extensions.Diagnostics": "10.0.0-rtm.25513.102",
          "Microsoft.Extensions.Logging": "10.0.0-rtm.25513.102",
          "Microsoft.Extensions.Logging.Abstractions": "10.0.0-rtm.25513.102",
          "Microsoft.Extensions.Options": "10.0.0-rtm.25513.102"
        }
      },
      "Microsoft.Extensions.Options.DataAnnotations": {
        "type": "Direct",
        "requested": "[10.0.0-rtm.25513.102, )",
        "resolved": "10.0.0-rtm.25513.102",
        "contentHash": "IG/OxVtL0Km3f4vwZIOs81YZogYfsyVfnQxCdVH4s2AhvxJytN6wZnsnA1PFkrlEunPeU0NKdDKjKFw+nHTt0A==",
        "dependencies": {
          "Microsoft.Extensions.DependencyInjection.Abstractions": "10.0.0-rtm.25513.102",
          "Microsoft.Extensions.Options": "10.0.0-rtm.25513.102"
        }
      },
      "System.IO.Hashing": {
        "type": "Direct",
        "requested": "[10.0.0-rtm.25513.102, )",
        "resolved": "10.0.0-rtm.25513.102",
        "contentHash": "WeS7uBs0+69WguGn6OJLxc8NX1aF++CS6rZO8f8znENaR5JsGCFiUSn97VSOr02tSDledKnlWE1Gws5bGBEc4A=="
      },
      "Microsoft.Extensions.AmbientMetadata.Application": {
        "type": "Transitive",
        "resolved": "10.0.0",
        "contentHash": "bqA2KZIknwyE9DCKEe3qvmr7odWRHmcMHlBwGvIPdFyaaxedeIQrELs+ryUgHHtgYK6TfK82jEMwBpJtERST6A==",
        "dependencies": {
          "Microsoft.Extensions.Configuration": "10.0.0",
          "Microsoft.Extensions.Hosting.Abstractions": "10.0.0",
          "Microsoft.Extensions.Options.ConfigurationExtensions": "10.0.0"
        }
      },
      "Microsoft.Extensions.Compliance.Abstractions": {
        "type": "Transitive",
        "resolved": "10.0.0",
        "contentHash": "dfJxd9USR8BbRzZZPWVoqFVVESJRTUh2tn6TmSPQsJ2mJjvGsGJGlELM9vctAfgthajBicRZ9zzxsu6s4VUmMQ==",
        "dependencies": {
          "Microsoft.Extensions.DependencyInjection.Abstractions": "10.0.0",
          "Microsoft.Extensions.ObjectPool": "10.0.0"
        }
      },
      "Microsoft.Extensions.Configuration": {
        "type": "Transitive",
        "resolved": "10.0.0",
        "contentHash": "H4SWETCh/cC5L1WtWchHR6LntGk3rDTTznZMssr4cL8IbDmMWBxY+MOGDc/ASnqNolLKPIWHWeuC1ddiL/iNPw==",
        "dependencies": {
          "Microsoft.Extensions.Configuration.Abstractions": "10.0.0",
          "Microsoft.Extensions.Primitives": "10.0.0"
        }
      },
      "Microsoft.Extensions.Configuration.Binder": {
        "type": "Transitive",
        "resolved": "10.0.0",
        "contentHash": "tMF9wNh+hlyYDWB8mrFCQHQmWHlRosol1b/N2Jrefy1bFLnuTlgSYmPyHNmz8xVQgs7DpXytBRWxGhG+mSTp0g==",
        "dependencies": {
          "Microsoft.Extensions.Configuration": "10.0.0",
          "Microsoft.Extensions.Configuration.Abstractions": "10.0.0"
        }
      },
      "Microsoft.Extensions.Configuration.CommandLine": {
        "type": "Transitive",
        "resolved": "10.0.0-rtm.25513.102",
        "contentHash": "jgiU1FW+8B5ogxtejq0YTDYwSNH+zFScNtszKp45+FdfKAc5coD/Q2bAyp/ZcbmL0LToTlei+pnt3cjdBh7/og==",
        "dependencies": {
          "Microsoft.Extensions.Configuration": "10.0.0-rtm.25513.102",
          "Microsoft.Extensions.Configuration.Abstractions": "10.0.0-rtm.25513.102"
        }
      },
      "Microsoft.Extensions.Configuration.EnvironmentVariables": {
        "type": "Transitive",
        "resolved": "10.0.0-rtm.25513.102",
        "contentHash": "Hfx4H9+z3ItJgIZMyiq0wch1XYUaEdafbz1egr5ds2d1hOEhe8b5qD4gxuqEb9g+9lXG0tQRzWzJylcHrG4cQQ==",
        "dependencies": {
          "Microsoft.Extensions.Configuration": "10.0.0-rtm.25513.102",
          "Microsoft.Extensions.Configuration.Abstractions": "10.0.0-rtm.25513.102"
        }
      },
      "Microsoft.Extensions.Configuration.FileExtensions": {
        "type": "Transitive",
        "resolved": "10.0.0-rtm.25513.102",
        "contentHash": "+waeP721zGOTBUmQdwdRGxwS42b5Bhr1T1MW7ATZhSvdzPTuLtudJsDgdTu4KgcOxZdIRDi2W2x2PrzO40m2ow==",
        "dependencies": {
          "Microsoft.Extensions.Configuration": "10.0.0-rtm.25513.102",
          "Microsoft.Extensions.Configuration.Abstractions": "10.0.0-rtm.25513.102",
          "Microsoft.Extensions.FileProviders.Abstractions": "10.0.0-rtm.25513.102",
          "Microsoft.Extensions.FileProviders.Physical": "10.0.0-rtm.25513.102",
          "Microsoft.Extensions.Primitives": "10.0.0-rtm.25513.102"
        }
      },
      "Microsoft.Extensions.Configuration.Json": {
        "type": "Transitive",
        "resolved": "10.0.0-rtm.25513.102",
        "contentHash": "5V3HDABlOUUO1SEYq4yuq42jpSlJxQyRUQaRHENws8NnLKv8uP0O2JYfMoPAS56CkcfUbsEa14BVbo62WncJ4w==",
        "dependencies": {
          "Microsoft.Extensions.Configuration": "10.0.0-rtm.25513.102",
          "Microsoft.Extensions.Configuration.Abstractions": "10.0.0-rtm.25513.102",
          "Microsoft.Extensions.Configuration.FileExtensions": "10.0.0-rtm.25513.102",
          "Microsoft.Extensions.FileProviders.Abstractions": "10.0.0-rtm.25513.102"
        }
      },
      "Microsoft.Extensions.Configuration.UserSecrets": {
        "type": "Transitive",
        "resolved": "10.0.0-rtm.25513.102",
        "contentHash": "N/BBQHqfYaSiV5qSc7SUj79huPcYzMTy8EPJTvauHrURnTcWOBzq7uVTwXT9cOpn45wSSiAz7j0Teg5LKZd2qw==",
        "dependencies": {
          "Microsoft.Extensions.Configuration.Abstractions": "10.0.0-rtm.25513.102",
          "Microsoft.Extensions.Configuration.Json": "10.0.0-rtm.25513.102",
          "Microsoft.Extensions.FileProviders.Abstractions": "10.0.0-rtm.25513.102",
          "Microsoft.Extensions.FileProviders.Physical": "10.0.0-rtm.25513.102"
        }
      },
      "Microsoft.Extensions.DependencyInjection.AutoActivation": {
        "type": "Transitive",
        "resolved": "10.0.0",
        "contentHash": "5t17Z77ysTmEla9/xUiOJLYLc8/9OyzlZJRxjTaSyiCi0mEroR0PwldKZsfwFLUOMSaNP6vngptYFbw7stO0rw==",
        "dependencies": {
          "Microsoft.Extensions.Hosting.Abstractions": "10.0.0"
        }
      },
      "Microsoft.Extensions.Diagnostics": {
        "type": "Transitive",
        "resolved": "10.0.0",
        "contentHash": "xjkxIPgrT0mKTfBwb+CVqZnRchyZgzKIfDQOp8z+WUC6vPe3WokIf71z+hJPkH0YBUYJwa7Z/al1R087ib9oiw==",
        "dependencies": {
          "Microsoft.Extensions.Configuration": "10.0.0",
          "Microsoft.Extensions.Diagnostics.Abstractions": "10.0.0",
          "Microsoft.Extensions.Options.ConfigurationExtensions": "10.0.0"
        }
      },
      "Microsoft.Extensions.Diagnostics.Abstractions": {
        "type": "Transitive",
        "resolved": "10.0.0",
        "contentHash": "SfK89ytD61S7DgzorFljSkUeluC1ncn6dtZgwc0ot39f/BEYWBl5jpgvodxduoYAs1d9HG8faCDRZxE95UMo2A==",
        "dependencies": {
          "Microsoft.Extensions.DependencyInjection.Abstractions": "10.0.0",
          "Microsoft.Extensions.Options": "10.0.0"
        }
      },
      "Microsoft.Extensions.Diagnostics.ExceptionSummarization": {
        "type": "Transitive",
        "resolved": "10.0.0",
        "contentHash": "rfirztoSX5INXWX6YJ1iwTPfmsl53c3t3LN7rjOXbt5w5e0CmGVaUHYhABYq+rn+d+w0HWqgMiQubOZeirUAfw==",
        "dependencies": {
          "Microsoft.Extensions.DependencyInjection.Abstractions": "10.0.0"
        }
      },
      "Microsoft.Extensions.FileProviders.Abstractions": {
        "type": "Transitive",
        "resolved": "10.0.0",
        "contentHash": "/ppSdehKk3fuXjlqCDgSOtjRK/pSHU8eWgzSHfHdwVm5BP4Dgejehkw+PtxKG2j98qTDEHDst2Y99aNsmJldmw==",
        "dependencies": {
          "Microsoft.Extensions.Primitives": "10.0.0"
        }
      },
      "Microsoft.Extensions.FileProviders.Physical": {
        "type": "Transitive",
        "resolved": "10.0.0-rtm.25513.102",
        "contentHash": "LbPOB4LiS6iiMQiLNljMHQSRScyLPed3U1y2RL07nr0zgjV4f2aNiKu05cCWmO3NkqXbqQQqPi6gQO/MygRrHw==",
        "dependencies": {
          "Microsoft.Extensions.FileProviders.Abstractions": "10.0.0-rtm.25513.102",
          "Microsoft.Extensions.FileSystemGlobbing": "10.0.0-rtm.25513.102",
          "Microsoft.Extensions.Primitives": "10.0.0-rtm.25513.102"
        }
      },
      "Microsoft.Extensions.FileSystemGlobbing": {
        "type": "Transitive",
        "resolved": "10.0.0-rtm.25513.102",
        "contentHash": "+q3YWYs2i94TBBu2/yJk342k9Ve3bWKe32swAn1Ske4z1KGJOr66fVmpq9OXd5A1ikOe1DYjOufTuLJmFlT6Ag=="
      },
      "Microsoft.Extensions.Hosting.Abstractions": {
        "type": "Transitive",
        "resolved": "10.0.0",
        "contentHash": "KrN6TGFwCwqOkLLk/idW/XtDQh+8In+CL9T4M1Dx+5ScsjTq4TlVbal8q532m82UYrMr6RiQJF2HvYCN0QwVsA==",
        "dependencies": {
          "Microsoft.Extensions.Configuration.Abstractions": "10.0.0",
          "Microsoft.Extensions.DependencyInjection.Abstractions": "10.0.0",
          "Microsoft.Extensions.Diagnostics.Abstractions": "10.0.0",
          "Microsoft.Extensions.FileProviders.Abstractions": "10.0.0",
          "Microsoft.Extensions.Logging.Abstractions": "10.0.0"
        }
      },
      "Microsoft.Extensions.Http.Diagnostics": {
        "type": "Transitive",
        "resolved": "10.0.0",
        "contentHash": "Ll00tZzMmIO9wnA0JCqsmuDHfT1YXmtiGnpazZpAilwS/ro0gf8JIqgWOy6cLfBNDxFruaJhhvTKdLSlgcomHw==",
        "dependencies": {
          "Microsoft.Extensions.Http": "10.0.0",
          "Microsoft.Extensions.Telemetry": "10.0.0"
        }
      },
      "Microsoft.Extensions.Logging": {
        "type": "Transitive",
        "resolved": "10.0.0",
        "contentHash": "BStFkd5CcnEtarlcgYDBcFzGYCuuNMzPs02wN3WBsOFoYIEmYoUdAiU+au6opzoqfTYJsMTW00AeqDdnXH2CvA==",
        "dependencies": {
          "Microsoft.Extensions.DependencyInjection": "10.0.0",
          "Microsoft.Extensions.Logging.Abstractions": "10.0.0",
          "Microsoft.Extensions.Options": "10.0.0"
        }
      },
      "Microsoft.Extensions.Logging.Configuration": {
        "type": "Transitive",
        "resolved": "10.0.0",
        "contentHash": "j8zcwhS6bYB6FEfaY3nYSgHdpiL2T+/V3xjpHtslVAegyI1JUbB9yAt/BFdvZdsNbY0Udm4xFtvfT/hUwcOOOg==",
        "dependencies": {
          "Microsoft.Extensions.Configuration": "10.0.0",
          "Microsoft.Extensions.Configuration.Abstractions": "10.0.0",
          "Microsoft.Extensions.Configuration.Binder": "10.0.0",
          "Microsoft.Extensions.DependencyInjection.Abstractions": "10.0.0",
          "Microsoft.Extensions.Logging": "10.0.0",
          "Microsoft.Extensions.Logging.Abstractions": "10.0.0",
          "Microsoft.Extensions.Options": "10.0.0",
          "Microsoft.Extensions.Options.ConfigurationExtensions": "10.0.0"
        }
      },
      "Microsoft.Extensions.Logging.Console": {
        "type": "Transitive",
        "resolved": "10.0.0-rtm.25513.102",
        "contentHash": "dMdDentSsPThaRleuh1fbB5cbIFF7WhgJ6jFEzEwJEEQ4t7TP3qCa0Evfw7KDoAluUJ/lfNzcD4f6rs4d35jfA==",
        "dependencies": {
          "Microsoft.Extensions.DependencyInjection.Abstractions": "10.0.0-rtm.25513.102",
          "Microsoft.Extensions.Logging": "10.0.0-rtm.25513.102",
          "Microsoft.Extensions.Logging.Abstractions": "10.0.0-rtm.25513.102",
          "Microsoft.Extensions.Logging.Configuration": "10.0.0-rtm.25513.102",
          "Microsoft.Extensions.Options": "10.0.0-rtm.25513.102"
        }
      },
      "Microsoft.Extensions.Logging.Debug": {
        "type": "Transitive",
        "resolved": "10.0.0-rtm.25513.102",
        "contentHash": "8Ascpxq2vHBNvveM69wbIHLik+oKXwjd5ku47IzSvsrsS24HnG8iuA75pejdnjJwHtQ6jp0fNhWm97fVHu3Bxg==",
        "dependencies": {
          "Microsoft.Extensions.DependencyInjection.Abstractions": "10.0.0-rtm.25513.102",
          "Microsoft.Extensions.Logging": "10.0.0-rtm.25513.102",
          "Microsoft.Extensions.Logging.Abstractions": "10.0.0-rtm.25513.102"
        }
      },
      "Microsoft.Extensions.Logging.EventLog": {
        "type": "Transitive",
        "resolved": "10.0.0-rtm.25513.102",
        "contentHash": "cEOFD2jmcF5fcK27HGixR6g/XUQ1P1UOrJ6+TZpeCffb4JCl4FiG7r3fQjaG0FngO+KZxDWBj6egj26ESlKztQ==",
        "dependencies": {
          "Microsoft.Extensions.DependencyInjection.Abstractions": "10.0.0-rtm.25513.102",
          "Microsoft.Extensions.Logging": "10.0.0-rtm.25513.102",
          "Microsoft.Extensions.Logging.Abstractions": "10.0.0-rtm.25513.102",
          "Microsoft.Extensions.Options": "10.0.0-rtm.25513.102",
          "System.Diagnostics.EventLog": "10.0.0-rtm.25513.102"
        }
      },
      "Microsoft.Extensions.Logging.EventSource": {
        "type": "Transitive",
        "resolved": "10.0.0-rtm.25513.102",
        "contentHash": "TLSsPsyWSBdbDuIti80Dnw5diAKLVUc+7Qbvx1RVqFsuZWjs+AfaEOvIHQO4H2S6sd1JJ1qOS8vdGRAiw/CIlw==",
        "dependencies": {
          "Microsoft.Extensions.DependencyInjection.Abstractions": "10.0.0-rtm.25513.102",
          "Microsoft.Extensions.Logging": "10.0.0-rtm.25513.102",
          "Microsoft.Extensions.Logging.Abstractions": "10.0.0-rtm.25513.102",
          "Microsoft.Extensions.Options": "10.0.0-rtm.25513.102",
          "Microsoft.Extensions.Primitives": "10.0.0-rtm.25513.102"
        }
      },
      "Microsoft.Extensions.ObjectPool": {
        "type": "Transitive",
        "resolved": "10.0.0",
        "contentHash": "bpeCq0IYmVLACyEUMzFIOQX+zZUElG1t+nu1lSxthe7B+1oNYking7b91305+jNB6iwojp9fqTY9O+Nh7ULQxg=="
      },
      "Microsoft.Extensions.Primitives": {
        "type": "Transitive",
        "resolved": "10.0.0",
        "contentHash": "inRnbpCS0nwO/RuoZIAqxQUuyjaknOOnCEZB55KSMMjRhl0RQDttSmLSGsUJN3RQ3ocf5NDLFd2mOQViHqMK5w=="
      },
      "Microsoft.Extensions.Resilience": {
        "type": "Transitive",
        "resolved": "10.0.0",
        "contentHash": "EPW15dqrBiqkD6YE4XVWivGMXTTPE3YAmXJ32wr1k8E1l7veEYUHwzetOonV76GTe4oJl1np3AXYFnCRpBYU+w==",
        "dependencies": {
          "Microsoft.Extensions.Diagnostics": "10.0.0",
          "Microsoft.Extensions.Diagnostics.ExceptionSummarization": "10.0.0",
          "Microsoft.Extensions.Options.ConfigurationExtensions": "10.0.0",
          "Microsoft.Extensions.Telemetry.Abstractions": "10.0.0",
          "Polly.Extensions": "8.4.2",
          "Polly.RateLimiting": "8.4.2"
        }
      },
      "Microsoft.Extensions.ServiceDiscovery.Abstractions": {
        "type": "Transitive",
        "resolved": "10.0.0",
        "contentHash": "qlF8wZH4EpEoaU+EBU5PsTrBLtUwWdDKPUi4VDs7zHsnNB6h9MBqfyqD8aS7WVfEvaZzp6cl7rXOplnNc1TNwQ==",
        "dependencies": {
          "Microsoft.Extensions.Configuration.Abstractions": "10.0.0",
          "Microsoft.Extensions.Configuration.Binder": "10.0.0",
          "Microsoft.Extensions.DependencyInjection.Abstractions": "10.0.0",
          "Microsoft.Extensions.Features": "10.0.0",
          "Microsoft.Extensions.Logging.Abstractions": "10.0.0",
          "Microsoft.Extensions.Options": "10.0.0",
          "Microsoft.Extensions.Primitives": "10.0.0"
        }
      },
      "Microsoft.Extensions.Telemetry": {
        "type": "Transitive",
        "resolved": "10.0.0",
        "contentHash": "dII0Kuh699xBMBmK7oLJNNXmJ+kMRcpabil/VbAtO08zjSNQPb/dk/kBI6sVfWw20po1J/up03SAYeLKPc3LEg==",
        "dependencies": {
          "Microsoft.Extensions.AmbientMetadata.Application": "10.0.0",
          "Microsoft.Extensions.DependencyInjection.AutoActivation": "10.0.0",
          "Microsoft.Extensions.Logging.Configuration": "10.0.0",
          "Microsoft.Extensions.ObjectPool": "10.0.0",
          "Microsoft.Extensions.Telemetry.Abstractions": "10.0.0"
        }
      },
      "Microsoft.Extensions.Telemetry.Abstractions": {
        "type": "Transitive",
        "resolved": "10.0.0",
        "contentHash": "M17n6IpgutodXxwTZk1r5Jp2ZZ995FJTKMxiEQSr6vT3iwRfRq2HWzzrR1B6N3MpJhDfI2QuMdCOLUq++GCsQg==",
        "dependencies": {
          "Microsoft.Extensions.Compliance.Abstractions": "10.0.0",
          "Microsoft.Extensions.Logging.Abstractions": "10.0.0",
          "Microsoft.Extensions.ObjectPool": "10.0.0",
          "Microsoft.Extensions.Options": "10.0.0"
        }
      },
      "OpenTelemetry.Api": {
        "type": "Transitive",
        "resolved": "1.14.0",
        "contentHash": "foHci6viUw1f3gUB8qzz3Rk02xZIWMo299X0rxK0MoOWok/3dUVru+KKdY7WIoSHwRGpxGKkmAz9jIk2RFNbsQ=="
      },
      "OpenTelemetry.Api.ProviderBuilderExtensions": {
        "type": "Transitive",
        "resolved": "1.14.0",
        "contentHash": "i/lxOM92v+zU5I0rGl5tXAGz6EJtxk2MvzZ0VN6F6L5pMqT6s6RCXnGWXg6fW+vtZJsllBlQaf/VLPTzgefJpg==",
        "dependencies": {
          "Microsoft.Extensions.DependencyInjection.Abstractions": "10.0.0",
          "OpenTelemetry.Api": "1.14.0"
        }
      },
      "Polly.Core": {
        "type": "Transitive",
        "resolved": "8.4.2",
        "contentHash": "BpE2I6HBYYA5tF0Vn4eoQOGYTYIK1BlF5EXVgkWGn3mqUUjbXAr13J6fZVbp7Q3epRR8yshacBMlsHMhpOiV3g=="
      },
      "Polly.Extensions": {
        "type": "Transitive",
        "resolved": "8.4.2",
        "contentHash": "GZ9vRVmR0jV2JtZavt+pGUsQ1O1cuRKG7R7VOZI6ZDy9y6RNPvRvXK1tuS4ffUrv8L0FTea59oEuQzgS0R7zSA==",
        "dependencies": {
          "Microsoft.Extensions.Logging.Abstractions": "8.0.0",
          "Microsoft.Extensions.Options": "8.0.0",
          "Polly.Core": "8.4.2"
        }
      },
      "Polly.RateLimiting": {
        "type": "Transitive",
        "resolved": "8.4.2",
        "contentHash": "ehTImQ/eUyO07VYW2WvwSmU9rRH200SKJ/3jku9rOkyWE0A2JxNFmAVms8dSn49QLSjmjFRRSgfNyOgr/2PSmA==",
        "dependencies": {
          "Polly.Core": "8.4.2",
          "System.Threading.RateLimiting": "8.0.0"
        }
      },
      "System.Diagnostics.EventLog": {
        "type": "Transitive",
        "resolved": "10.0.0-rtm.25513.102",
        "contentHash": "iim5KU9YQcKE7I1U0C08TuNdrLTRqhdax8w6cHBMRqxE/3eDv5mgQGTZy5E363PavUg7rkoCD+OzlX7ECrgfVg=="
      },
      "System.Threading.RateLimiting": {
        "type": "Transitive",
        "resolved": "8.0.0",
        "contentHash": "7mu9v0QDv66ar3DpGSZHg9NuNcxDaaAcnMULuZlaTpP9+hwXhrxNGsF5GmLkSHxFdb5bBc1TzeujsRgTrPWi+Q=="
      },
      "TestableIO.System.IO.Abstractions": {
        "type": "Transitive",
        "resolved": "22.1.0",
        "contentHash": "YQ/IuNE8gP/+yNwQjdqd6DKhB9ADGjosxuY2IMXcQ3729iXa9QRsPlmIBpk73L0s9E2b+MTYhAR/2Spk8REjvA==",
        "dependencies": {
          "Testably.Abstractions.FileSystem.Interface": "10.0.0"
        }
      },
      "TestableIO.System.IO.Abstractions.Wrappers": {
        "type": "Transitive",
        "resolved": "22.1.0",
        "contentHash": "IsW3jQqIiTN4GwdWFx+dzgRL5XR75UDTFVGuuIackPf2d7eH0KKyrx4wuIoASa1XnS9zhgLP39FKwJq6nbbx1w==",
        "dependencies": {
          "Testably.Abstractions.FileSystem.Interface": "10.0.0"
        }
      },
      "Testably.Abstractions.FileSystem.Interface": {
        "type": "Transitive",
        "resolved": "10.0.0",
        "contentHash": "tZOXFLGjkh8TxgMgKeEcM2HAlz9DwndGl6TFLo6ISHcszFX3FkuPMrtVbmqVjhooWNXrgJ/a9cH9ym5MZL1LAg=="
      },
      "aspire-full.servicedefaults": {
        "type": "Project",
        "dependencies": {
          "Microsoft.Extensions.Http.Resilience": "[10.0.0, )",
          "Microsoft.Extensions.ServiceDiscovery": "[10.0.0, )",
          "OpenTelemetry.Exporter.OpenTelemetryProtocol": "[1.14.0, )",
          "OpenTelemetry.Extensions.Hosting": "[1.14.0, )",
          "OpenTelemetry.Instrumentation.AspNetCore": "[1.14.0, )",
          "OpenTelemetry.Instrumentation.Http": "[1.14.0, )",
          "OpenTelemetry.Instrumentation.Runtime": "[1.14.0, )"
        }
      },
      "aspire-full.shared": {
        "type": "Project",
        "dependencies": {
          "Microsoft.Extensions.Logging.Abstractions": "[10.0.0-rtm.25513.102, )",
          "Microsoft.Extensions.Options": "[10.0.0-rtm.25513.102, )",
          "System.IO.Abstractions": "[22.1.0, )"
        }
      },
      "aspire-full.tensor.core": {
        "type": "Project",
        "dependencies": {
          "Aspire-Full.Shared": "[1.0.0, )",
          "Microsoft.Extensions.Configuration.Abstractions": "[10.0.0-rtm.25513.102, )",
          "Microsoft.Extensions.DependencyInjection.Abstractions": "[10.0.0-rtm.25513.102, )",
          "Microsoft.Extensions.Logging.Abstractions": "[10.0.0-rtm.25513.102, )",
          "Microsoft.Extensions.Options": "[10.0.0-rtm.25513.102, )",
          "Microsoft.Extensions.Options.ConfigurationExtensions": "[10.0.0-rtm.25513.102, )",
          "System.Numerics.Tensors": "[10.0.0-rtm.25513.102, )"
        }
      },
      "Microsoft.Extensions.Configuration.Abstractions": {
        "type": "CentralTransitive",
        "requested": "[10.0.0-rtm.25513.102, )",
        "resolved": "10.0.0-rtm.25513.102",
        "contentHash": "wTjs6mlKpw6jMevNCrbY/ZPCoxtEW3tH+IH62d7p/8T8icutVqQrP4w/irR91pC6XluQ3TtlnfixYnVb6eZ6pg==",
        "dependencies": {
          "Microsoft.Extensions.Primitives": "10.0.0-rtm.25513.102"
        }
      },
      "Microsoft.Extensions.DependencyInjection.Abstractions": {
        "type": "CentralTransitive",
        "requested": "[10.0.0-rtm.25513.102, )",
        "resolved": "10.0.0-rtm.25513.102",
        "contentHash": "lnT25oxtWnNe3Fb/MPzSzh8fRyCTQLELB4KbpXQlh3ZPbS6GveAdFDfMg38qvc0yNEY0NNyQ3KPno8lD125U9Q=="
      },
      "Microsoft.Extensions.Features": {
        "type": "CentralTransitive",
        "requested": "[10.0.1-servicing.25567.7, )",
        "resolved": "10.0.1-servicing.25567.7",
        "contentHash": "S89U9vAb55/k2dyxOyDMCUjgTqDgtmIyKEErN20cy38N742sQ0i3dBmJ4WkEqy7XQvTVSBPl6DsjfKJrI6I9DQ=="
      },
      "Microsoft.Extensions.Http.Resilience": {
        "type": "CentralTransitive",
        "requested": "[10.0.0, )",
        "resolved": "10.0.0",
        "contentHash": "Mn/diApGtdtz83Mi+XO57WhO+FsiSScfjUsIU/h8nryh3pkUNZGhpUx22NtuOxgYSsrYfODgOa2QMtIQAOv/dA==",
        "dependencies": {
          "Microsoft.Extensions.Http.Diagnostics": "10.0.0",
          "Microsoft.Extensions.ObjectPool": "10.0.0",
          "Microsoft.Extensions.Resilience": "10.0.0"
        }
      },
      "Microsoft.Extensions.Logging.Abstractions": {
        "type": "CentralTransitive",
        "requested": "[10.0.0-rtm.25513.102, )",
        "resolved": "10.0.0-rtm.25513.102",
        "contentHash": "YZujvB6rIvRwrjD5dCujo/lpGYmQG/zJgNvCPUXlyQThAksvuhZKKlovoEbX7MqPc1JHNiWvVMPuQir8Cezk6g==",
        "dependencies": {
          "Microsoft.Extensions.DependencyInjection.Abstractions": "10.0.0-rtm.25513.102"
        }
      },
      "Microsoft.Extensions.Options": {
        "type": "CentralTransitive",
        "requested": "[10.0.0-rtm.25513.102, )",
        "resolved": "10.0.0-rtm.25513.102",
        "contentHash": "YU5l65BxzolOKA61TohtYpVdtM208beTXrCg2EPWhNI8vtsOIZjAyrZUjs4PYolGlQXnRL2PMtHNUnrOwKZ+Sg==",
        "dependencies": {
          "Microsoft.Extensions.DependencyInjection.Abstractions": "10.0.0-rtm.25513.102",
          "Microsoft.Extensions.Primitives": "10.0.0-rtm.25513.102"
        }
      },
      "Microsoft.Extensions.Options.ConfigurationExtensions": {
        "type": "CentralTransitive",
        "requested": "[10.0.0-rtm.25513.102, )",
        "resolved": "10.0.0-rtm.25513.102",
        "contentHash": "GZntVKKbcr0bBOTemwLIZ++9Ezon4ofCDDyAV7adY0MPg95LQcLAJSN89SPoUVYs2CHOyInylFyfzJOqvZ874Q==",
        "dependencies": {
          "Microsoft.Extensions.Configuration.Abstractions": "10.0.0-rtm.25513.102",
          "Microsoft.Extensions.Configuration.Binder": "10.0.0-rtm.25513.102",
          "Microsoft.Extensions.DependencyInjection.Abstractions": "10.0.0-rtm.25513.102",
          "Microsoft.Extensions.Options": "10.0.0-rtm.25513.102",
          "Microsoft.Extensions.Primitives": "10.0.0-rtm.25513.102"
        }
      },
      "Microsoft.Extensions.ServiceDiscovery": {
        "type": "CentralTransitive",
        "requested": "[10.0.0, )",
        "resolved": "10.0.0",
        "contentHash": "SAWCC/N/94cJnLt/cAYJgB/C9SdN82ln9Dc2O/+5ZXlnP7Z6KQK11h4/YCVX1M3VUrv6dZUAbhbcuNgMQSMEzQ==",
        "dependencies": {
          "Microsoft.Extensions.Http": "10.0.0",
          "Microsoft.Extensions.ServiceDiscovery.Abstractions": "10.0.0"
        }
      },
      "OpenTelemetry": {
        "type": "CentralTransitive",
        "requested": "[1.14.0, )",
        "resolved": "1.14.0",
        "contentHash": "aiPBAr1+0dPDItH++MQQr5UgMf4xiybruzNlAoYYMYN3UUk+mGRcoKuZy4Z4rhhWUZIpK2Xhe7wUUXSTM32duQ==",
        "dependencies": {
          "Microsoft.Extensions.Diagnostics.Abstractions": "10.0.0",
          "Microsoft.Extensions.Logging.Configuration": "10.0.0",
          "OpenTelemetry.Api.ProviderBuilderExtensions": "1.14.0"
        }
      },
      "OpenTelemetry.Exporter.OpenTelemetryProtocol": {
        "type": "CentralTransitive",
        "requested": "[1.14.0, )",
        "resolved": "1.14.0",
        "contentHash": "7ELExeje+T/KOywHuHwZBGQNtYlepUaYRFXWgoEaT1iKpFJVwOlE1Y2+uqHI2QQmah0Ue+XgRmDy924vWHfJ6Q==",
        "dependencies": {
          "OpenTelemetry": "1.14.0"
        }
      },
      "OpenTelemetry.Extensions.Hosting": {
        "type": "CentralTransitive",
        "requested": "[1.14.0, )",
        "resolved": "1.14.0",
        "contentHash": "ZAxkCIa3Q3YWZ1sGrolXfkhPqn2PFSz2Cel74em/fATZgY5ixlw6MQp2icmqKCz4C7M1W2G0b92K3rX8mOtFRg==",
        "dependencies": {
          "Microsoft.Extensions.Hosting.Abstractions": "10.0.0",
          "OpenTelemetry": "1.14.0"
        }
      },
      "OpenTelemetry.Instrumentation.AspNetCore": {
        "type": "CentralTransitive",
        "requested": "[1.14.0, )",
        "resolved": "1.14.0",
        "contentHash": "NQAQpFa3a4ofPUYwxcwtNPGpuRNwwx1HM7MnLEESYjYkhfhER+PqqGywW65rWd7bJEc1/IaL+xbmHH99pYDE0A==",
        "dependencies": {
          "OpenTelemetry.Api.ProviderBuilderExtensions": "[1.14.0, 2.0.0)"
        }
      },
      "OpenTelemetry.Instrumentation.Http": {
        "type": "CentralTransitive",
        "requested": "[1.14.0, )",
        "resolved": "1.14.0",
        "contentHash": "uH8X1fYnywrgaUrSbemKvFiFkBwY7ZbBU7Wh4A/ORQmdpF3G/5STidY4PlK4xYuIv9KkdMXH/vkpvzQcayW70g==",
        "dependencies": {
          "Microsoft.Extensions.Configuration": "10.0.0",
          "Microsoft.Extensions.Options": "10.0.0",
          "OpenTelemetry.Api.ProviderBuilderExtensions": "[1.14.0, 2.0.0)"
        }
      },
      "OpenTelemetry.Instrumentation.Runtime": {
        "type": "CentralTransitive",
        "requested": "[1.14.0, )",
        "resolved": "1.14.0",
        "contentHash": "Z6o4JDOQaKv6bInAYZxuyxxfMKr6hFpwLnKEgQ+q+oBNA9Fm1sysjFCOzRzk7U0WD86LsRPXX+chv1vJIg7cfg==",
        "dependencies": {
          "OpenTelemetry.Api": "[1.14.0, 2.0.0)"
        }
      },
      "System.IO.Abstractions": {
        "type": "CentralTransitive",
        "requested": "[22.1.0, )",
        "resolved": "22.1.0",
        "contentHash": "+QDwmFWQQ84FIRFkOGLwdhJWgOP2Qm+d73edWavzVvYrQ029jjB7CdT24L/F9QvGThN7uYZW6vLLSpvaUBC2Cw==",
        "dependencies": {
          "TestableIO.System.IO.Abstractions": "22.1.0",
          "TestableIO.System.IO.Abstractions.Wrappers": "22.1.0"
        }
      },
      "System.Numerics.Tensors": {
        "type": "CentralTransitive",
        "requested": "[10.0.0-rtm.25513.102, )",
        "resolved": "10.0.0-rtm.25513.102",
        "contentHash": "RBgR+EFiMg3sKmpyf9zSUCktVayrjtNfO+CJrIZuiZzuNAN4mm9B/5u1FtBXh5Lj/E1CJecph5hwxRcTxv1f/Q=="
      }
    },
    "net10.0/win-x64": {
      "System.Diagnostics.EventLog": {
        "type": "Transitive",
        "resolved": "10.0.0-rtm.25513.102",
        "contentHash": "iim5KU9YQcKE7I1U0C08TuNdrLTRqhdax8w6cHBMRqxE/3eDv5mgQGTZy5E363PavUg7rkoCD+OzlX7ECrgfVg=="
      }
    }
  }
}