{
  "version": 2,
  "dependencies": {
    "net10.0": {
      "Aspire.Hosting.Testing": {
        "type": "Direct",
        "requested": "[13.0.1, )",
        "resolved": "13.0.1",
        "contentHash": "NXraeu7KONPZlU29+/Y/axxkzhoR4bvkdGVuXkyen4b5mYtONuvoVZtH56X38veF/kxZFaP8V0m9pkQ6ccKfgQ==",
        "dependencies": {
          "AspNetCore.HealthChecks.Uris": "9.0.0",
          "Aspire.Hosting": "13.0.1",
          "Aspire.Hosting.AppHost": "13.0.1",
          "Google.Protobuf": "3.33.0",
          "Grpc.AspNetCore": "2.71.0",
          "Grpc.Net.ClientFactory": "2.71.0",
          "Grpc.Tools": "2.72.0",
          "Humanizer.Core": "2.14.1",
          "JsonPatch.Net": "3.3.0",
          "KubernetesClient": "18.0.5",
          "Microsoft.Extensions.Configuration.Abstractions": "10.0.0",
          "Microsoft.Extensions.Configuration.Binder": "10.0.0",
          "Microsoft.Extensions.DependencyInjection.Abstractions": "10.0.0",
          "Microsoft.Extensions.DependencyInjection.AutoActivation": "10.0.0",
          "Microsoft.Extensions.Diagnostics.HealthChecks": "10.0.0",
          "Microsoft.Extensions.Hosting": "10.0.0",
          "Microsoft.Extensions.Hosting.Abstractions": "10.0.0",
          "Microsoft.Extensions.Http": "10.0.0",
          "Microsoft.Extensions.Http.Resilience": "10.0.0",
          "Microsoft.Extensions.Logging.Abstractions": "10.0.0",
          "Microsoft.Extensions.Options": "10.0.0",
          "Microsoft.Extensions.Primitives": "10.0.0",
          "Newtonsoft.Json": "13.0.4",
          "Polly.Core": "8.6.4",
          "Polly.Extensions": "8.6.4",
          "Semver": "3.0.0",
          "StreamJsonRpc": "2.22.23",
          "System.IO.Hashing": "9.0.10"
        }
      },
      "coverlet.collector": {
        "type": "Direct",
        "requested": "[6.0.4, )",
        "resolved": "6.0.4",
        "contentHash": "lkhqpF8Pu2Y7IiN7OntbsTtdbpR1syMsm2F3IgX6ootA4ffRqWL5jF7XipHuZQTdVuWG/gVAAcf8mjk8Tz0xPg=="
      },
      "FluentAssertions": {
        "type": "Direct",
        "requested": "[8.8.0, )",
        "resolved": "8.8.0",
        "contentHash": "m0kwcqBwvVel03FuMa7Ozo/oTaxYbjeNlcOhQFkyQpwX/8wks6RNl/Jnn58DCZVs6c2oG1RsCZw7HfKSaxLm3w=="
      },
      "Microsoft.AspNetCore.TestHost": {
        "type": "Direct",
        "requested": "[10.0.0, )",
        "resolved": "10.0.0",
        "contentHash": "Q3ia+k+wYM3Iv/Qq5IETOdpz/R0xizs3WNAXz699vEQx5TMVAfG715fBSq9Thzopvx8dYZkxQ/mumTn6AJ/vGQ=="
      },
      "Microsoft.NET.Test.Sdk": {
        "type": "Direct",
        "requested": "[18.0.1, )",
        "resolved": "18.0.1",
        "contentHash": "WNpu6vI2rA0pXY4r7NKxCN16XRWl5uHu6qjuyVLoDo6oYEggIQefrMjkRuibQHm/NslIUNCcKftvoWAN80MSAg==",
        "dependencies": {
          "Microsoft.CodeCoverage": "18.0.1",
          "Microsoft.TestPlatform.TestHost": "18.0.1"
        }
      },
      "Microsoft.Playwright.NUnit": {
        "type": "Direct",
        "requested": "[1.56.0, )",
        "resolved": "1.56.0",
        "contentHash": "Ixk+XurqOJ3w5PIUrcW3e9xM8Optt53n/NFqf5QVfeRAMRHi+845V5TRSV51wdYjXyPh9RKceEqZ24Jqrkjy+Q==",
        "dependencies": {
          "Microsoft.NET.Test.Sdk": "17.8.0",
          "Microsoft.Playwright": "1.56.0",
          "Microsoft.Playwright.TestAdapter": "1.56.0",
          "NUnit": "3.13.2",
          "NUnit3TestAdapter": "4.0.0"
        }
      },
      "NUnit": {
        "type": "Direct",
        "requested": "[4.4.0, )",
        "resolved": "4.4.0",
        "contentHash": "7IWJcT9xWNhG9dEGdgAWdH6maCE0eVbeVnizvXACKbAyxbjoJ9+WaEb8qsCTJi3hsb18AJBtoqvWa3G7YYUQfw=="
      },
      "NUnit.Analyzers": {
        "type": "Direct",
        "requested": "[4.11.2, )",
        "resolved": "4.11.2",
        "contentHash": "D9w1tsxMyBAsINY2yyIaS59V9W4iGtuPyHs+9enuhmDAaCsSOitJKha4TUPENCAd2LrylCawur0YhCJoLMHBJA=="
      },
      "NUnit3TestAdapter": {
        "type": "Direct",
        "requested": "[6.0.0-beta.3, )",
        "resolved": "6.0.0-beta.3",
        "contentHash": "MA2vZe3+ByV9N5v1x+mNROAUpj5vElDOlHEr5glYW5qEva1DrSrgMupQUfqO1sfoh5zrKzNQsisaQKf3zOgB0w==",
        "dependencies": {
          "Microsoft.Extensions.DependencyModel": "10.0.0",
          "Microsoft.Testing.Extensions.VSTestBridge": "2.0.2",
          "Microsoft.Testing.Platform.MSBuild": "2.0.2"
        }
      },
      "OpenTelemetry": {
        "type": "Direct",
        "requested": "[1.14.0, )",
        "resolved": "1.14.0",
        "contentHash": "aiPBAr1+0dPDItH++MQQr5UgMf4xiybruzNlAoYYMYN3UUk+mGRcoKuZy4Z4rhhWUZIpK2Xhe7wUUXSTM32duQ==",
        "dependencies": {
          "Microsoft.Extensions.Diagnostics.Abstractions": "10.0.0",
          "Microsoft.Extensions.Logging.Configuration": "10.0.0",
          "OpenTelemetry.Api.ProviderBuilderExtensions": "1.14.0"
        }
      },
      "OpenTelemetry.Exporter.OpenTelemetryProtocol": {
        "type": "Direct",
        "requested": "[1.14.0, )",
        "resolved": "1.14.0",
        "contentHash": "7ELExeje+T/KOywHuHwZBGQNtYlepUaYRFXWgoEaT1iKpFJVwOlE1Y2+uqHI2QQmah0Ue+XgRmDy924vWHfJ6Q==",
        "dependencies": {
          "OpenTelemetry": "1.14.0"
        }
      },
      "Aspire.Dashboard.Sdk.win-x64": {
        "type": "Transitive",
        "resolved": "13.0.1",
        "contentHash": "uIaDeh+kXfjsbWSYNd5CEt4pRRHx+TgrVcZkqhtXXLC9Npk0NMe0/bShrjubeu5+7ICHkGRW6q4Gna6upTEbUQ=="
      },
      "Aspire.Hosting.Orchestration.win-x64": {
        "type": "Transitive",
        "resolved": "13.0.1",
        "contentHash": "et1EdPkeX4VOx65SxI0vPCVsP7+uh5Ai2eSiGSmCGjIbfdvCFmcEUSN6TMwroM4txhvUeew7QSIJ64jBGx9lvg=="
      },
      "AspNetCore.HealthChecks.NpgSql": {
        "type": "Transitive",
        "resolved": "9.0.0",
        "contentHash": "npc58/AD5zuVxERdhCl2Kb7WnL37mwX42SJcXIwvmEig0/dugOLg3SIwtfvvh3TnvTwR/sk5LYNkkPaBdks61A==",
        "dependencies": {
          "Microsoft.Extensions.Diagnostics.HealthChecks": "8.0.11",
          "Npgsql": "8.0.3"
        }
      },
      "AspNetCore.HealthChecks.Redis": {
        "type": "Transitive",
        "resolved": "9.0.0",
        "contentHash": "yNH0h8GLRbAf+PU5HNVLZ5hNeyq9mDVmRKO9xuZsme/znUYoBJlQvI0gq45gaZNlLncCHkMhR4o90MuT+gxxPw==",
        "dependencies": {
          "Microsoft.Extensions.Diagnostics.HealthChecks": "8.0.11",
          "StackExchange.Redis": "2.7.4"
        }
      },
      "AspNetCore.HealthChecks.Uris": {
        "type": "Transitive",
        "resolved": "9.0.0",
        "contentHash": "XYdNlA437KeF8p9qOpZFyNqAN+c0FXt/JjTvzH/Qans0q0O3pPE8KPnn39ucQQjR/Roum1vLTP3kXiUs8VHyuA==",
        "dependencies": {
          "Microsoft.Extensions.Diagnostics.HealthChecks": "8.0.11",
          "Microsoft.Extensions.Http": "8.0.0"
        }
      },
      "Fractions": {
        "type": "Transitive",
        "resolved": "7.3.0",
        "contentHash": "2bETFWLBc8b7Ut2SVi+bxhGVwiSpknHYGBh2PADyGWONLkTxT7bKyDRhF8ao+XUv90tq8Fl7GTPxSI5bacIRJw=="
      },
      "Google.Protobuf": {
        "type": "Transitive",
        "resolved": "3.33.0",
        "contentHash": "+kIa03YipuiSDeRuZwcDcXS1xBQAFeGLIjuLbgJr2i+TlwBPYAqdnQZJ2SDVzIgDyy+q+n/400WyWyrJ5ZqCgQ=="
      },
      "Grpc.AspNetCore": {
        "type": "Transitive",
        "resolved": "2.71.0",
        "contentHash": "B4wAbNtAuHNiHAMxLFWL74wUElzNOOboFnypalqpX76piCOGz/w5FpilbVVYGboI4Qgl4ZmZsvDZ1zLwHNsjnw==",
        "dependencies": {
          "Google.Protobuf": "3.30.2",
          "Grpc.AspNetCore.Server.ClientFactory": "2.71.0",
          "Grpc.Tools": "2.71.0"
        }
      },
      "Grpc.AspNetCore.Server": {
        "type": "Transitive",
        "resolved": "2.71.0",
        "contentHash": "kv+9YVB6MqDYWIcstXvWrT7Xc1si/sfINzzSxvQfjC3aei+92gXDUXCH/Q+TEvi4QSICRqu92BYcrXUBW7cuOw==",
        "dependencies": {
          "Grpc.Net.Common": "2.71.0"
        }
      },
      "Grpc.AspNetCore.Server.ClientFactory": {
        "type": "Transitive",
        "resolved": "2.71.0",
        "contentHash": "AHvMxoC+esO1e/nOYBjxvn0WDHAfglcVBjtkBy6ohgnV+PzkF8UdkPHE02xnyPFaSokWGZKnWzjgd00x6EZpyQ==",
        "dependencies": {
          "Grpc.AspNetCore.Server": "2.71.0",
          "Grpc.Net.ClientFactory": "2.71.0"
        }
      },
      "Grpc.Core.Api": {
        "type": "Transitive",
        "resolved": "2.71.0",
        "contentHash": "QquqUC37yxsDzd1QaDRsH2+uuznWPTS8CVE2Yzwl3CvU4geTNkolQXoVN812M2IwT6zpv3jsZRc9ExJFNFslTg=="
      },
      "Grpc.Net.Client": {
        "type": "Transitive",
        "resolved": "2.71.0",
        "contentHash": "U1vr20r5ngoT9nlb7wejF28EKN+taMhJsV9XtK9MkiepTZwnKxxiarriiMfCHuDAfPUm9XUjFMn/RIuJ4YY61w==",
        "dependencies": {
          "Grpc.Net.Common": "2.71.0",
          "Microsoft.Extensions.Logging.Abstractions": "6.0.0"
        }
      },
      "Grpc.Net.ClientFactory": {
        "type": "Transitive",
        "resolved": "2.71.0",
        "contentHash": "8oPLwQLPo86fmcf9ghjCDyNsSWhtHc3CXa/AqwF8Su/pG7qAoeWWtbymsZhoNvCV9Zjzb6BDcIPKXLYt+O175g==",
        "dependencies": {
          "Grpc.Net.Client": "2.71.0",
          "Microsoft.Extensions.Http": "6.0.0"
        }
      },
      "Grpc.Net.Common": {
        "type": "Transitive",
        "resolved": "2.71.0",
        "contentHash": "v0c8R97TwRYwNXlC8GyRXwYTCNufpDfUtj9la+wUrZFzVWkFJuNAltU+c0yI3zu0jl54k7en6u2WKgZgd57r2Q==",
        "dependencies": {
          "Grpc.Core.Api": "2.71.0"
        }
      },
      "Grpc.Tools": {
        "type": "Transitive",
        "resolved": "2.72.0",
        "contentHash": "BCiuQ03EYjLHCo9hqZmY5barsz5vvcz/+/ICt5wCbukaePHZmMPDGelKlkxWx3q+f5xOMNHa9zXQ2N6rQZ4B+w=="
      },
      "Humanizer.Core": {
        "type": "Transitive",
        "resolved": "2.14.1",
        "contentHash": "lQKvtaTDOXnoVJ20ibTuSIOf2i0uO0MPbDhd1jm238I+U/2ZnRENj0cktKZhtchBMtCUSRQ5v4xBCUbKNmyVMw=="
      },
      "Json.More.Net": {
        "type": "Transitive",
        "resolved": "2.1.0",
        "contentHash": "qtwsyAsL55y2vB2/sK4Pjg3ZyVzD5KKSpV3lOAMHlnjFfsjQ/86eHJfQT9aV1YysVXzF4+xyHOZbh7Iu3YQ7Lg=="
      },
      "JsonPatch.Net": {
        "type": "Transitive",
        "resolved": "3.3.0",
        "contentHash": "GIcMMDtzfzVfIpQgey8w7dhzcw6jG5nD4DDAdQCTmHfblkCvN7mI8K03to8YyUhKMl4PTR6D6nLSvWmyOGFNTg==",
        "dependencies": {
          "JsonPointer.Net": "5.2.0"
        }
      },
      "JsonPointer.Net": {
        "type": "Transitive",
        "resolved": "5.2.0",
        "contentHash": "qe1F7Tr/p4mgwLPU9P60MbYkp+xnL2uCPnWXGgzfR/AZCunAZIC0RZ32dLGJJEhSuLEfm0YF/1R3u5C7mEVq+w==",
        "dependencies": {
          "Humanizer.Core": "2.14.1",
          "Json.More.Net": "2.1.0"
        }
      },
      "KubernetesClient": {
        "type": "Transitive",
        "resolved": "18.0.5",
        "contentHash": "xkttIbnGNibYwAyZ0sqeQle2w90bfaJrkF8BaURWHfSMKPbHwys9t/wq1XmT64eA4WRVXLENYlXtqmWlEstG6A==",
        "dependencies": {
          "Fractions": "7.3.0",
          "YamlDotNet": "16.3.0"
        }
      },
      "MessagePack": {
        "type": "Transitive",
        "resolved": "2.5.192",
        "contentHash": "Jtle5MaFeIFkdXtxQeL9Tu2Y3HsAQGoSntOzrn6Br/jrl6c8QmG22GEioT5HBtZJR0zw0s46OnKU8ei2M3QifA==",
        "dependencies": {
          "MessagePack.Annotations": "2.5.192",
          "Microsoft.NET.StringTools": "17.6.3"
        }
      },
      "MessagePack.Annotations": {
        "type": "Transitive",
        "resolved": "2.5.192",
        "contentHash": "jaJuwcgovWIZ8Zysdyf3b7b34/BrADw4v82GaEZymUhDd3ScMPrYd/cttekeDteJJPXseJxp04yTIcxiVUjTWg=="
      },
      "Microsoft.Bcl.AsyncInterfaces": {
        "type": "Transitive",
        "resolved": "6.0.0",
        "contentHash": "UcSjPsst+DfAdJGVDsu346FX0ci0ah+lw3WRtn18NUwEqRt70HaOQ7lI72vy3+1LxtqI3T5GWwV39rQSrCzAeg=="
      },
      "Microsoft.CodeCoverage": {
        "type": "Transitive",
        "resolved": "18.0.1",
        "contentHash": "O+utSr97NAJowIQT/OVp3Lh9QgW/wALVTP4RG1m2AfFP4IyJmJz0ZBmFJUsRQiAPgq6IRC0t8AAzsiPIsaUDEA=="
      },
      "Microsoft.Extensions.AmbientMetadata.Application": {
        "type": "Transitive",
        "resolved": "10.0.0",
        "contentHash": "bqA2KZIknwyE9DCKEe3qvmr7odWRHmcMHlBwGvIPdFyaaxedeIQrELs+ryUgHHtgYK6TfK82jEMwBpJtERST6A==",
        "dependencies": {
          "Microsoft.Extensions.Configuration": "10.0.0",
          "Microsoft.Extensions.Hosting.Abstractions": "10.0.0",
          "Microsoft.Extensions.Options.ConfigurationExtensions": "10.0.0"
        }
      },
      "Microsoft.Extensions.Compliance.Abstractions": {
        "type": "Transitive",
        "resolved": "10.0.0",
        "contentHash": "dfJxd9USR8BbRzZZPWVoqFVVESJRTUh2tn6TmSPQsJ2mJjvGsGJGlELM9vctAfgthajBicRZ9zzxsu6s4VUmMQ==",
        "dependencies": {
          "Microsoft.Extensions.DependencyInjection.Abstractions": "10.0.0",
          "Microsoft.Extensions.ObjectPool": "10.0.0"
        }
      },
      "Microsoft.Extensions.Configuration": {
        "type": "Transitive",
        "resolved": "10.0.0",
        "contentHash": "H4SWETCh/cC5L1WtWchHR6LntGk3rDTTznZMssr4cL8IbDmMWBxY+MOGDc/ASnqNolLKPIWHWeuC1ddiL/iNPw==",
        "dependencies": {
          "Microsoft.Extensions.Configuration.Abstractions": "10.0.0",
          "Microsoft.Extensions.Primitives": "10.0.0"
        }
      },
      "Microsoft.Extensions.Configuration.Binder": {
        "type": "Transitive",
        "resolved": "10.0.0",
        "contentHash": "tMF9wNh+hlyYDWB8mrFCQHQmWHlRosol1b/N2Jrefy1bFLnuTlgSYmPyHNmz8xVQgs7DpXytBRWxGhG+mSTp0g==",
        "dependencies": {
          "Microsoft.Extensions.Configuration": "10.0.0",
          "Microsoft.Extensions.Configuration.Abstractions": "10.0.0"
        }
      },
      "Microsoft.Extensions.Configuration.CommandLine": {
        "type": "Transitive",
        "resolved": "10.0.0-rtm.25513.102",
        "contentHash": "jgiU1FW+8B5ogxtejq0YTDYwSNH+zFScNtszKp45+FdfKAc5coD/Q2bAyp/ZcbmL0LToTlei+pnt3cjdBh7/og==",
        "dependencies": {
          "Microsoft.Extensions.Configuration": "10.0.0-rtm.25513.102",
          "Microsoft.Extensions.Configuration.Abstractions": "10.0.0-rtm.25513.102"
        }
      },
      "Microsoft.Extensions.Configuration.EnvironmentVariables": {
        "type": "Transitive",
        "resolved": "10.0.0-rtm.25513.102",
        "contentHash": "Hfx4H9+z3ItJgIZMyiq0wch1XYUaEdafbz1egr5ds2d1hOEhe8b5qD4gxuqEb9g+9lXG0tQRzWzJylcHrG4cQQ==",
        "dependencies": {
          "Microsoft.Extensions.Configuration": "10.0.0-rtm.25513.102",
          "Microsoft.Extensions.Configuration.Abstractions": "10.0.0-rtm.25513.102"
        }
      },
      "Microsoft.Extensions.Configuration.FileExtensions": {
        "type": "Transitive",
        "resolved": "10.0.0-rtm.25513.102",
        "contentHash": "+waeP721zGOTBUmQdwdRGxwS42b5Bhr1T1MW7ATZhSvdzPTuLtudJsDgdTu4KgcOxZdIRDi2W2x2PrzO40m2ow==",
        "dependencies": {
          "Microsoft.Extensions.Configuration": "10.0.0-rtm.25513.102",
          "Microsoft.Extensions.Configuration.Abstractions": "10.0.0-rtm.25513.102",
          "Microsoft.Extensions.FileProviders.Abstractions": "10.0.0-rtm.25513.102",
          "Microsoft.Extensions.FileProviders.Physical": "10.0.0-rtm.25513.102",
          "Microsoft.Extensions.Primitives": "10.0.0-rtm.25513.102"
        }
      },
      "Microsoft.Extensions.Configuration.Json": {
        "type": "Transitive",
        "resolved": "10.0.0-rtm.25513.102",
        "contentHash": "5V3HDABlOUUO1SEYq4yuq42jpSlJxQyRUQaRHENws8NnLKv8uP0O2JYfMoPAS56CkcfUbsEa14BVbo62WncJ4w==",
        "dependencies": {
          "Microsoft.Extensions.Configuration": "10.0.0-rtm.25513.102",
          "Microsoft.Extensions.Configuration.Abstractions": "10.0.0-rtm.25513.102",
          "Microsoft.Extensions.Configuration.FileExtensions": "10.0.0-rtm.25513.102",
          "Microsoft.Extensions.FileProviders.Abstractions": "10.0.0-rtm.25513.102"
        }
      },
      "Microsoft.Extensions.Configuration.UserSecrets": {
        "type": "Transitive",
        "resolved": "10.0.0-rtm.25513.102",
        "contentHash": "N/BBQHqfYaSiV5qSc7SUj79huPcYzMTy8EPJTvauHrURnTcWOBzq7uVTwXT9cOpn45wSSiAz7j0Teg5LKZd2qw==",
        "dependencies": {
          "Microsoft.Extensions.Configuration.Abstractions": "10.0.0-rtm.25513.102",
          "Microsoft.Extensions.Configuration.Json": "10.0.0-rtm.25513.102",
          "Microsoft.Extensions.FileProviders.Abstractions": "10.0.0-rtm.25513.102",
          "Microsoft.Extensions.FileProviders.Physical": "10.0.0-rtm.25513.102"
        }
      },
      "Microsoft.Extensions.DependencyInjection.AutoActivation": {
        "type": "Transitive",
        "resolved": "10.0.0",
        "contentHash": "5t17Z77ysTmEla9/xUiOJLYLc8/9OyzlZJRxjTaSyiCi0mEroR0PwldKZsfwFLUOMSaNP6vngptYFbw7stO0rw==",
        "dependencies": {
          "Microsoft.Extensions.Hosting.Abstractions": "10.0.0"
        }
      },
      "Microsoft.Extensions.DependencyModel": {
        "type": "Transitive",
        "resolved": "10.0.0",
        "contentHash": "RFYJR7APio/BiqdQunRq6DB+nDB6nc2qhHr77mlvZ0q0BT8PubMXN7XicmfzCbrDE/dzhBnUKBRXLTcqUiZDGg=="
      },
      "Microsoft.Extensions.Diagnostics": {
        "type": "Transitive",
        "resolved": "10.0.0",
        "contentHash": "xjkxIPgrT0mKTfBwb+CVqZnRchyZgzKIfDQOp8z+WUC6vPe3WokIf71z+hJPkH0YBUYJwa7Z/al1R087ib9oiw==",
        "dependencies": {
          "Microsoft.Extensions.Configuration": "10.0.0",
          "Microsoft.Extensions.Diagnostics.Abstractions": "10.0.0",
          "Microsoft.Extensions.Options.ConfigurationExtensions": "10.0.0"
        }
      },
      "Microsoft.Extensions.Diagnostics.Abstractions": {
        "type": "Transitive",
        "resolved": "10.0.0",
        "contentHash": "SfK89ytD61S7DgzorFljSkUeluC1ncn6dtZgwc0ot39f/BEYWBl5jpgvodxduoYAs1d9HG8faCDRZxE95UMo2A==",
        "dependencies": {
          "Microsoft.Extensions.DependencyInjection.Abstractions": "10.0.0",
          "Microsoft.Extensions.Options": "10.0.0"
        }
      },
      "Microsoft.Extensions.Diagnostics.ExceptionSummarization": {
        "type": "Transitive",
        "resolved": "10.0.0",
        "contentHash": "rfirztoSX5INXWX6YJ1iwTPfmsl53c3t3LN7rjOXbt5w5e0CmGVaUHYhABYq+rn+d+w0HWqgMiQubOZeirUAfw==",
        "dependencies": {
          "Microsoft.Extensions.DependencyInjection.Abstractions": "10.0.0"
        }
      },
      "Microsoft.Extensions.Diagnostics.HealthChecks": {
        "type": "Transitive",
        "resolved": "10.0.0",
        "contentHash": "4x6y2Uy+g9Ou93eBCVkG/3JCwnc2AMKhrE1iuEhXT/MzNN7co/Zt6yL+q1Srt0CnOe3iLX+sVqpJI4ZGlOPfug==",
        "dependencies": {
          "Microsoft.Extensions.Diagnostics.HealthChecks.Abstractions": "10.0.0",
          "Microsoft.Extensions.Hosting.Abstractions": "10.0.0",
          "Microsoft.Extensions.Logging.Abstractions": "10.0.0",
          "Microsoft.Extensions.Options": "10.0.0"
        }
      },
      "Microsoft.Extensions.Diagnostics.HealthChecks.Abstractions": {
        "type": "Transitive",
        "resolved": "10.0.0",
        "contentHash": "jAhZbzDa117otUBMuQQ6JzSfuDbBBrfOs5jw5l7l9hKpzt+LjYKVjSauXG2yV9u7BqUSLUtKLwcerDQDeQ+0Xw=="
      },
      "Microsoft.Extensions.FileProviders.Abstractions": {
        "type": "Transitive",
        "resolved": "10.0.0",
        "contentHash": "/ppSdehKk3fuXjlqCDgSOtjRK/pSHU8eWgzSHfHdwVm5BP4Dgejehkw+PtxKG2j98qTDEHDst2Y99aNsmJldmw==",
        "dependencies": {
          "Microsoft.Extensions.Primitives": "10.0.0"
        }
      },
      "Microsoft.Extensions.FileProviders.Physical": {
        "type": "Transitive",
        "resolved": "10.0.0-rtm.25513.102",
        "contentHash": "LbPOB4LiS6iiMQiLNljMHQSRScyLPed3U1y2RL07nr0zgjV4f2aNiKu05cCWmO3NkqXbqQQqPi6gQO/MygRrHw==",
        "dependencies": {
          "Microsoft.Extensions.FileProviders.Abstractions": "10.0.0-rtm.25513.102",
          "Microsoft.Extensions.FileSystemGlobbing": "10.0.0-rtm.25513.102",
          "Microsoft.Extensions.Primitives": "10.0.0-rtm.25513.102"
        }
      },
      "Microsoft.Extensions.FileSystemGlobbing": {
        "type": "Transitive",
        "resolved": "10.0.0-rtm.25513.102",
        "contentHash": "+q3YWYs2i94TBBu2/yJk342k9Ve3bWKe32swAn1Ske4z1KGJOr66fVmpq9OXd5A1ikOe1DYjOufTuLJmFlT6Ag=="
      },
      "Microsoft.Extensions.Hosting.Abstractions": {
        "type": "Transitive",
        "resolved": "10.0.0",
        "contentHash": "KrN6TGFwCwqOkLLk/idW/XtDQh+8In+CL9T4M1Dx+5ScsjTq4TlVbal8q532m82UYrMr6RiQJF2HvYCN0QwVsA==",
        "dependencies": {
          "Microsoft.Extensions.Configuration.Abstractions": "10.0.0",
          "Microsoft.Extensions.DependencyInjection.Abstractions": "10.0.0",
          "Microsoft.Extensions.Diagnostics.Abstractions": "10.0.0",
          "Microsoft.Extensions.FileProviders.Abstractions": "10.0.0",
          "Microsoft.Extensions.Logging.Abstractions": "10.0.0"
        }
      },
      "Microsoft.Extensions.Http.Diagnostics": {
        "type": "Transitive",
        "resolved": "10.0.0",
        "contentHash": "Ll00tZzMmIO9wnA0JCqsmuDHfT1YXmtiGnpazZpAilwS/ro0gf8JIqgWOy6cLfBNDxFruaJhhvTKdLSlgcomHw==",
        "dependencies": {
          "Microsoft.Extensions.Http": "10.0.0",
          "Microsoft.Extensions.Telemetry": "10.0.0"
        }
      },
      "Microsoft.Extensions.Logging": {
        "type": "Transitive",
        "resolved": "10.0.0",
        "contentHash": "BStFkd5CcnEtarlcgYDBcFzGYCuuNMzPs02wN3WBsOFoYIEmYoUdAiU+au6opzoqfTYJsMTW00AeqDdnXH2CvA==",
        "dependencies": {
          "Microsoft.Extensions.DependencyInjection": "10.0.0",
          "Microsoft.Extensions.Logging.Abstractions": "10.0.0",
          "Microsoft.Extensions.Options": "10.0.0"
        }
      },
      "Microsoft.Extensions.Logging.Configuration": {
        "type": "Transitive",
        "resolved": "10.0.0",
        "contentHash": "j8zcwhS6bYB6FEfaY3nYSgHdpiL2T+/V3xjpHtslVAegyI1JUbB9yAt/BFdvZdsNbY0Udm4xFtvfT/hUwcOOOg==",
        "dependencies": {
          "Microsoft.Extensions.Configuration": "10.0.0",
          "Microsoft.Extensions.Configuration.Abstractions": "10.0.0",
          "Microsoft.Extensions.Configuration.Binder": "10.0.0",
          "Microsoft.Extensions.DependencyInjection.Abstractions": "10.0.0",
          "Microsoft.Extensions.Logging": "10.0.0",
          "Microsoft.Extensions.Logging.Abstractions": "10.0.0",
          "Microsoft.Extensions.Options": "10.0.0",
          "Microsoft.Extensions.Options.ConfigurationExtensions": "10.0.0"
        }
      },
      "Microsoft.Extensions.Logging.Console": {
        "type": "Transitive",
        "resolved": "10.0.0-rtm.25513.102",
        "contentHash": "dMdDentSsPThaRleuh1fbB5cbIFF7WhgJ6jFEzEwJEEQ4t7TP3qCa0Evfw7KDoAluUJ/lfNzcD4f6rs4d35jfA==",
        "dependencies": {
          "Microsoft.Extensions.DependencyInjection.Abstractions": "10.0.0-rtm.25513.102",
          "Microsoft.Extensions.Logging": "10.0.0-rtm.25513.102",
          "Microsoft.Extensions.Logging.Abstractions": "10.0.0-rtm.25513.102",
          "Microsoft.Extensions.Logging.Configuration": "10.0.0-rtm.25513.102",
          "Microsoft.Extensions.Options": "10.0.0-rtm.25513.102"
        }
      },
      "Microsoft.Extensions.Logging.Debug": {
        "type": "Transitive",
        "resolved": "10.0.0-rtm.25513.102",
        "contentHash": "8Ascpxq2vHBNvveM69wbIHLik+oKXwjd5ku47IzSvsrsS24HnG8iuA75pejdnjJwHtQ6jp0fNhWm97fVHu3Bxg==",
        "dependencies": {
          "Microsoft.Extensions.DependencyInjection.Abstractions": "10.0.0-rtm.25513.102",
          "Microsoft.Extensions.Logging": "10.0.0-rtm.25513.102",
          "Microsoft.Extensions.Logging.Abstractions": "10.0.0-rtm.25513.102"
        }
      },
      "Microsoft.Extensions.Logging.EventLog": {
        "type": "Transitive",
        "resolved": "10.0.0-rtm.25513.102",
        "contentHash": "cEOFD2jmcF5fcK27HGixR6g/XUQ1P1UOrJ6+TZpeCffb4JCl4FiG7r3fQjaG0FngO+KZxDWBj6egj26ESlKztQ==",
        "dependencies": {
          "Microsoft.Extensions.DependencyInjection.Abstractions": "10.0.0-rtm.25513.102",
          "Microsoft.Extensions.Logging": "10.0.0-rtm.25513.102",
          "Microsoft.Extensions.Logging.Abstractions": "10.0.0-rtm.25513.102",
          "Microsoft.Extensions.Options": "10.0.0-rtm.25513.102",
          "System.Diagnostics.EventLog": "10.0.0-rtm.25513.102"
        }
      },
      "Microsoft.Extensions.Logging.EventSource": {
        "type": "Transitive",
        "resolved": "10.0.0-rtm.25513.102",
        "contentHash": "TLSsPsyWSBdbDuIti80Dnw5diAKLVUc+7Qbvx1RVqFsuZWjs+AfaEOvIHQO4H2S6sd1JJ1qOS8vdGRAiw/CIlw==",
        "dependencies": {
          "Microsoft.Extensions.DependencyInjection.Abstractions": "10.0.0-rtm.25513.102",
          "Microsoft.Extensions.Logging": "10.0.0-rtm.25513.102",
          "Microsoft.Extensions.Logging.Abstractions": "10.0.0-rtm.25513.102",
          "Microsoft.Extensions.Options": "10.0.0-rtm.25513.102",
          "Microsoft.Extensions.Primitives": "10.0.0-rtm.25513.102"
        }
      },
      "Microsoft.Extensions.ObjectPool": {
        "type": "Transitive",
        "resolved": "10.0.0",
        "contentHash": "bpeCq0IYmVLACyEUMzFIOQX+zZUElG1t+nu1lSxthe7B+1oNYking7b91305+jNB6iwojp9fqTY9O+Nh7ULQxg=="
      },
      "Microsoft.Extensions.Primitives": {
        "type": "Transitive",
        "resolved": "10.0.0",
        "contentHash": "inRnbpCS0nwO/RuoZIAqxQUuyjaknOOnCEZB55KSMMjRhl0RQDttSmLSGsUJN3RQ3ocf5NDLFd2mOQViHqMK5w=="
      },
      "Microsoft.Extensions.Resilience": {
        "type": "Transitive",
        "resolved": "10.0.0",
        "contentHash": "EPW15dqrBiqkD6YE4XVWivGMXTTPE3YAmXJ32wr1k8E1l7veEYUHwzetOonV76GTe4oJl1np3AXYFnCRpBYU+w==",
        "dependencies": {
          "Microsoft.Extensions.Diagnostics": "10.0.0",
          "Microsoft.Extensions.Diagnostics.ExceptionSummarization": "10.0.0",
          "Microsoft.Extensions.Options.ConfigurationExtensions": "10.0.0",
          "Microsoft.Extensions.Telemetry.Abstractions": "10.0.0",
          "Polly.Extensions": "8.4.2",
          "Polly.RateLimiting": "8.4.2"
        }
      },
      "Microsoft.Extensions.Telemetry": {
        "type": "Transitive",
        "resolved": "10.0.0",
        "contentHash": "dII0Kuh699xBMBmK7oLJNNXmJ+kMRcpabil/VbAtO08zjSNQPb/dk/kBI6sVfWw20po1J/up03SAYeLKPc3LEg==",
        "dependencies": {
          "Microsoft.Extensions.AmbientMetadata.Application": "10.0.0",
          "Microsoft.Extensions.DependencyInjection.AutoActivation": "10.0.0",
          "Microsoft.Extensions.Logging.Configuration": "10.0.0",
          "Microsoft.Extensions.ObjectPool": "10.0.0",
          "Microsoft.Extensions.Telemetry.Abstractions": "10.0.0"
        }
      },
      "Microsoft.Extensions.Telemetry.Abstractions": {
        "type": "Transitive",
        "resolved": "10.0.0",
        "contentHash": "M17n6IpgutodXxwTZk1r5Jp2ZZ995FJTKMxiEQSr6vT3iwRfRq2HWzzrR1B6N3MpJhDfI2QuMdCOLUq++GCsQg==",
        "dependencies": {
          "Microsoft.Extensions.Compliance.Abstractions": "10.0.0",
          "Microsoft.Extensions.Logging.Abstractions": "10.0.0",
          "Microsoft.Extensions.ObjectPool": "10.0.0",
          "Microsoft.Extensions.Options": "10.0.0"
        }
      },
      "Microsoft.NET.StringTools": {
        "type": "Transitive",
        "resolved": "17.6.3",
        "contentHash": "N0ZIanl1QCgvUumEL1laasU0a7sOE5ZwLZVTn0pAePnfhq8P7SvTjF8Axq+CnavuQkmdQpGNXQ1efZtu5kDFbA=="
      },
      "Microsoft.Playwright": {
        "type": "Transitive",
        "resolved": "1.56.0",
        "contentHash": "DswyjEbhkTkQSyGnx2x1xhzwAztu/ckfOPZsT/fCA0HZVGdLkEWmf2u1FmUBWdT61do02VoMzp0dvA+oq7hKDg==",
        "dependencies": {
          "Microsoft.Bcl.AsyncInterfaces": "6.0.0",
          "System.ComponentModel.Annotations": "5.0.0"
        }
      },
      "Microsoft.Playwright.TestAdapter": {
        "type": "Transitive",
        "resolved": "1.56.0",
        "contentHash": "PQSMgHM/VJCE3N3jAZ9lvZGhGfyR5jnDAClvTKEVWwesalW/nCadfKHkOGPkMQMWNawAqj6penJ4Sjcl8vd2sw==",
        "dependencies": {
          "Microsoft.Playwright": "1.56.0",
          "Microsoft.TestPlatform.ObjectModel": "17.3.0"
        }
      },
      "Microsoft.TestPlatform.ObjectModel": {
        "type": "Transitive",
        "resolved": "18.0.1",
        "contentHash": "qT/mwMcLF9BieRkzOBPL2qCopl8hQu6A1P7JWAoj/FMu5i9vds/7cjbJ/LLtaiwWevWLAeD5v5wjQJ/l6jvhWQ=="
      },
      "Microsoft.TestPlatform.TestHost": {
        "type": "Transitive",
        "resolved": "18.0.1",
        "contentHash": "uDJKAEjFTaa2wHdWlfo6ektyoh+WD4/Eesrwb4FpBFKsLGehhACVnwwTI4qD3FrIlIEPlxdXg3SyrYRIcO+RRQ==",
        "dependencies": {
          "Microsoft.TestPlatform.ObjectModel": "18.0.1",
          "Newtonsoft.Json": "13.0.3"
        }
      },
      "Microsoft.VisualStudio.Threading.Only": {
        "type": "Transitive",
        "resolved": "17.13.61",
        "contentHash": "vl5a2URJYCO5m+aZZtNlAXAMz28e2pUotRuoHD7RnCWOCeoyd8hWp5ZBaLNYq4iEj2oeJx5ZxiSboAjVmB20Qg==",
        "dependencies": {
          "Microsoft.VisualStudio.Validation": "17.8.8"
        }
      },
      "Microsoft.VisualStudio.Validation": {
        "type": "Transitive",
        "resolved": "17.8.8",
        "contentHash": "rWXThIpyQd4YIXghNkiv2+VLvzS+MCMKVRDR0GAMlflsdo+YcAN2g2r5U1Ah98OFjQMRexTFtXQQ2LkajxZi3g=="
      },
      "Nerdbank.Streams": {
        "type": "Transitive",
        "resolved": "2.12.87",
        "contentHash": "oDKOeKZ865I5X8qmU3IXMyrAnssYEiYWTobPGdrqubN3RtTzEHIv+D6fwhdcfrdhPJzHjCkK/ORztR/IsnmA6g==",
        "dependencies": {
          "Microsoft.VisualStudio.Threading.Only": "17.13.61",
          "Microsoft.VisualStudio.Validation": "17.8.8"
        }
      },
      "Newtonsoft.Json": {
        "type": "Transitive",
        "resolved": "13.0.4",
        "contentHash": "pdgNNMai3zv51W5aq268sujXUyx7SNdE2bj1wZcWjAQrKMFZV260lbqYop1d2GM67JI1huLRwxo9ZqnfF/lC6A=="
      },
      "Npgsql": {
        "type": "Transitive",
        "resolved": "8.0.3",
        "contentHash": "6WEmzsQJCZAlUG1pThKg/RmeF6V+I0DmBBBE/8YzpRtEzhyZzKcK7ulMANDm5CkxrALBEC8H+5plxHWtIL7xnA==",
        "dependencies": {
          "Microsoft.Extensions.Logging.Abstractions": "8.0.0"
        }
      },
      "OpenTelemetry.Api": {
        "type": "Transitive",
        "resolved": "1.14.0",
        "contentHash": "foHci6viUw1f3gUB8qzz3Rk02xZIWMo299X0rxK0MoOWok/3dUVru+KKdY7WIoSHwRGpxGKkmAz9jIk2RFNbsQ=="
      },
      "OpenTelemetry.Api.ProviderBuilderExtensions": {
        "type": "Transitive",
        "resolved": "1.14.0",
        "contentHash": "i/lxOM92v+zU5I0rGl5tXAGz6EJtxk2MvzZ0VN6F6L5pMqT6s6RCXnGWXg6fW+vtZJsllBlQaf/VLPTzgefJpg==",
        "dependencies": {
          "Microsoft.Extensions.DependencyInjection.Abstractions": "10.0.0",
          "OpenTelemetry.Api": "1.14.0"
        }
      },
      "Pipelines.Sockets.Unofficial": {
        "type": "Transitive",
        "resolved": "2.2.8",
        "contentHash": "zG2FApP5zxSx6OcdJQLbZDk2AVlN2BNQD6MorwIfV6gVj0RRxWPEp2LXAxqDGZqeNV1Zp0BNPcNaey/GXmTdvQ=="
      },
      "Polly.Core": {
        "type": "Transitive",
        "resolved": "8.6.4",
        "contentHash": "4AWqYnQ2TME0E+Mzovt1Uu+VyvpR84ymUldMcPw7Mbj799Phaag14CKrMtlJGx5jsvYP+S3oR1QmysgmXoD5cw=="
      },
      "Polly.Extensions": {
        "type": "Transitive",
        "resolved": "8.6.4",
        "contentHash": "mosKFAGlCD/VfJBWKamWrLYHr1D0o8XrUKZ4I0AUxvUHsY+Nq1y5g75sa5JB7dIyOC+Vdf0xXxYSuLU+uljfjw==",
        "dependencies": {
          "Microsoft.Extensions.Logging.Abstractions": "8.0.0",
          "Microsoft.Extensions.Options": "8.0.0",
          "Polly.Core": "8.6.4"
        }
      },
      "Polly.RateLimiting": {
        "type": "Transitive",
        "resolved": "8.4.2",
        "contentHash": "ehTImQ/eUyO07VYW2WvwSmU9rRH200SKJ/3jku9rOkyWE0A2JxNFmAVms8dSn49QLSjmjFRRSgfNyOgr/2PSmA==",
        "dependencies": {
          "Polly.Core": "8.4.2",
          "System.Threading.RateLimiting": "8.0.0"
        }
      },
      "Semver": {
        "type": "Transitive",
        "resolved": "3.0.0",
        "contentHash": "9jZCicsVgTebqkAujRWtC9J1A5EQVlu0TVKHcgoCuv345ve5DYf4D1MjhKEnQjdRZo6x/vdv6QQrYFs7ilGzLA==",
        "dependencies": {
          "Microsoft.Extensions.Primitives": "5.0.1"
        }
      },
      "StackExchange.Redis": {
        "type": "Transitive",
        "resolved": "2.9.32",
        "contentHash": "j5Rjbf7gWz5izrn0UWQy9RlQY4cQDPkwJfVqATnVsOa/+zzJrps12LOgacMsDl/Vit2f01cDiDkG/Rst8v2iGw==",
        "dependencies": {
          "Microsoft.Extensions.Logging.Abstractions": "8.0.0",
          "Pipelines.Sockets.Unofficial": "2.2.8"
        }
      },
      "StreamJsonRpc": {
        "type": "Transitive",
        "resolved": "2.22.23",
        "contentHash": "Ahq6uUFPnU9alny5h4agyX74th3PRq3NQCRNaDOqWcx20WT06mH/wENSk5IbHDc8BmfreQVEIBx5IXLBbsLFIA==",
        "dependencies": {
          "MessagePack": "2.5.192",
          "Microsoft.VisualStudio.Threading.Only": "17.13.61",
          "Microsoft.VisualStudio.Validation": "17.8.8",
          "Nerdbank.Streams": "2.12.87",
          "Newtonsoft.Json": "13.0.3"
        }
      },
      "System.ComponentModel.Annotations": {
        "type": "Transitive",
        "resolved": "5.0.0",
        "contentHash": "dMkqfy2el8A8/I76n2Hi1oBFEbG1SfxD2l5nhwXV3XjlnOmwxJlQbYpJH4W51odnU9sARCSAgv7S3CyAFMkpYg=="
      },
      "System.Diagnostics.EventLog": {
        "type": "Transitive",
        "resolved": "10.0.0-rtm.25513.102",
        "contentHash": "iim5KU9YQcKE7I1U0C08TuNdrLTRqhdax8w6cHBMRqxE/3eDv5mgQGTZy5E363PavUg7rkoCD+OzlX7ECrgfVg=="
      },
      "System.Threading.RateLimiting": {
        "type": "Transitive",
        "resolved": "8.0.0",
        "contentHash": "7mu9v0QDv66ar3DpGSZHg9NuNcxDaaAcnMULuZlaTpP9+hwXhrxNGsF5GmLkSHxFdb5bBc1TzeujsRgTrPWi+Q=="
      },
      "aspire-full": {
        "type": "Project",
        "dependencies": {
          "Aspire.Dashboard.Sdk.win-x64": "[13.0.1, )",
          "Aspire.Hosting.AppHost": "[13.0.1, )",
          "Aspire.Hosting.Orchestration.win-x64": "[13.0.1, )",
          "Aspire.Hosting.PostgreSQL": "[13.0.1, )",
          "Aspire.Hosting.Qdrant": "[13.0.1, )",
          "Aspire.Hosting.Redis": "[13.0.1, )"
        }
      },
      "Aspire.Hosting": {
        "type": "CentralTransitive",
        "requested": "[13.0.1, )",
        "resolved": "13.0.1",
        "contentHash": "i7ZgwLp8hs0S+SvYPigu4W8wzeVI9e9H9as3OlcBSfllW3HtpfEaCfLoVE9QfBQIbsn7KuyCBSti0hTJue+vGw==",
        "dependencies": {
          "AspNetCore.HealthChecks.Uris": "9.0.0",
          "Google.Protobuf": "3.33.0",
          "Grpc.AspNetCore": "2.71.0",
          "Grpc.Net.ClientFactory": "2.71.0",
          "Grpc.Tools": "2.72.0",
          "Humanizer.Core": "2.14.1",
          "JsonPatch.Net": "3.3.0",
          "KubernetesClient": "18.0.5",
          "Microsoft.Extensions.Configuration.Abstractions": "8.0.0",
          "Microsoft.Extensions.Configuration.Binder": "8.0.2",
          "Microsoft.Extensions.DependencyInjection.Abstractions": "8.0.2",
          "Microsoft.Extensions.Diagnostics.HealthChecks": "8.0.22",
          "Microsoft.Extensions.Hosting": "8.0.1",
          "Microsoft.Extensions.Hosting.Abstractions": "8.0.1",
          "Microsoft.Extensions.Http": "8.0.1",
          "Microsoft.Extensions.Logging.Abstractions": "8.0.3",
          "Microsoft.Extensions.Options": "8.0.2",
          "Microsoft.Extensions.Primitives": "8.0.0",
          "Newtonsoft.Json": "13.0.4",
          "Polly.Core": "8.6.4",
          "Semver": "3.0.0",
          "StreamJsonRpc": "2.22.23",
          "System.IO.Hashing": "9.0.10"
        }
      },
      "Aspire.Hosting.AppHost": {
        "type": "CentralTransitive",
        "requested": "[13.0.1, )",
        "resolved": "13.0.1",
        "contentHash": "JdisQMT//xedj6ptayC/Gy8ScfNQz+MqRmzTjeaYbVyVsWBicntfTwbUGrW0BCVPqTw4IvG8keUWHNM2xKfPyQ==",
        "dependencies": {
          "AspNetCore.HealthChecks.Uris": "9.0.0",
          "Aspire.Hosting": "13.0.1",
          "Google.Protobuf": "3.33.0",
          "Grpc.AspNetCore": "2.71.0",
          "Grpc.Net.ClientFactory": "2.71.0",
          "Grpc.Tools": "2.72.0",
          "Humanizer.Core": "2.14.1",
          "JsonPatch.Net": "3.3.0",
          "KubernetesClient": "18.0.5",
          "Microsoft.Extensions.Configuration.Abstractions": "10.0.0",
          "Microsoft.Extensions.Configuration.Binder": "10.0.0",
          "Microsoft.Extensions.DependencyInjection.Abstractions": "10.0.0",
          "Microsoft.Extensions.Diagnostics.HealthChecks": "10.0.0",
          "Microsoft.Extensions.Hosting": "10.0.0",
          "Microsoft.Extensions.Hosting.Abstractions": "10.0.0",
          "Microsoft.Extensions.Http": "10.0.0",
          "Microsoft.Extensions.Logging.Abstractions": "10.0.0",
          "Microsoft.Extensions.Options": "10.0.0",
          "Microsoft.Extensions.Primitives": "10.0.0",
          "Newtonsoft.Json": "13.0.4",
          "Polly.Core": "8.6.4",
          "Semver": "3.0.0",
          "StreamJsonRpc": "2.22.23",
          "System.IO.Hashing": "9.0.10"
        }
      },
      "Aspire.Hosting.PostgreSQL": {
        "type": "CentralTransitive",
        "requested": "[13.0.1, )",
        "resolved": "13.0.1",
        "contentHash": "S9RKQaMDvgyo+QFXJEpGvMPJAaam7WQ/3OQ4238nP+X03+pRZPa4h1xlCGR7b+ByPKhzrfZIk1YqRxA07qS+PA==",
        "dependencies": {
          "AspNetCore.HealthChecks.NpgSql": "9.0.0",
          "AspNetCore.HealthChecks.Uris": "9.0.0",
          "Aspire.Hosting": "13.0.1",
          "Google.Protobuf": "3.33.0",
          "Grpc.AspNetCore": "2.71.0",
          "Grpc.Net.ClientFactory": "2.71.0",
          "Grpc.Tools": "2.72.0",
          "Humanizer.Core": "2.14.1",
          "JsonPatch.Net": "3.3.0",
          "KubernetesClient": "18.0.5",
          "Microsoft.Extensions.Configuration.Abstractions": "8.0.0",
          "Microsoft.Extensions.Configuration.Binder": "8.0.2",
          "Microsoft.Extensions.DependencyInjection.Abstractions": "8.0.2",
          "Microsoft.Extensions.Diagnostics.HealthChecks": "8.0.22",
          "Microsoft.Extensions.Hosting": "8.0.1",
          "Microsoft.Extensions.Hosting.Abstractions": "8.0.1",
          "Microsoft.Extensions.Http": "8.0.1",
          "Microsoft.Extensions.Logging.Abstractions": "8.0.3",
          "Microsoft.Extensions.Options": "8.0.2",
          "Microsoft.Extensions.Primitives": "8.0.0",
          "Newtonsoft.Json": "13.0.4",
          "Polly.Core": "8.6.4",
          "Semver": "3.0.0",
          "StreamJsonRpc": "2.22.23",
          "System.IO.Hashing": "9.0.10"
        }
      },
      "Aspire.Hosting.Qdrant": {
        "type": "CentralTransitive",
        "requested": "[13.0.1, )",
        "resolved": "13.0.1",
        "contentHash": "GCyIseMQjlqXR6iDYuwDZ7kadr+5okh+NiLnhMP6Im3GqNEbMFAkwfBdlmyFeLO3U12J2cPaSIz0x2PRI9c6aA==",
        "dependencies": {
          "AspNetCore.HealthChecks.Uris": "9.0.0",
          "Aspire.Hosting": "13.0.1",
          "Google.Protobuf": "3.33.0",
          "Grpc.AspNetCore": "2.71.0",
          "Grpc.Net.ClientFactory": "2.71.0",
          "Grpc.Tools": "2.72.0",
          "Humanizer.Core": "2.14.1",
          "JsonPatch.Net": "3.3.0",
          "KubernetesClient": "18.0.5",
          "Microsoft.Extensions.Configuration.Abstractions": "8.0.0",
          "Microsoft.Extensions.Configuration.Binder": "8.0.2",
          "Microsoft.Extensions.DependencyInjection.Abstractions": "8.0.2",
          "Microsoft.Extensions.Diagnostics.HealthChecks": "8.0.22",
          "Microsoft.Extensions.Hosting": "8.0.1",
          "Microsoft.Extensions.Hosting.Abstractions": "8.0.1",
          "Microsoft.Extensions.Http": "8.0.1",
          "Microsoft.Extensions.Logging.Abstractions": "8.0.3",
          "Microsoft.Extensions.Options": "8.0.2",
          "Microsoft.Extensions.Primitives": "8.0.0",
          "Newtonsoft.Json": "13.0.4",
          "Polly.Core": "8.6.4",
          "Qdrant.Client": "1.15.1",
          "Semver": "3.0.0",
          "StreamJsonRpc": "2.22.23",
          "System.IO.Hashing": "9.0.10"
        }
      },
      "Aspire.Hosting.Redis": {
        "type": "CentralTransitive",
        "requested": "[13.0.1, )",
        "resolved": "13.0.1",
        "contentHash": "PYrOw7KHShLcpCULfirPDBle6CRe1nzcpJy/vbzr5atl2b59wxNF3TrgoV7/wDEHq/dDhcSpF67ElkylnGjpYg==",
        "dependencies": {
          "AspNetCore.HealthChecks.Redis": "9.0.0",
          "AspNetCore.HealthChecks.Uris": "9.0.0",
          "Aspire.Hosting": "13.0.1",
          "Google.Protobuf": "3.33.0",
          "Grpc.AspNetCore": "2.71.0",
          "Grpc.Net.ClientFactory": "2.71.0",
          "Grpc.Tools": "2.72.0",
          "Humanizer.Core": "2.14.1",
          "JsonPatch.Net": "3.3.0",
          "KubernetesClient": "18.0.5",
          "Microsoft.Extensions.Configuration.Abstractions": "8.0.0",
          "Microsoft.Extensions.Configuration.Binder": "8.0.2",
          "Microsoft.Extensions.DependencyInjection.Abstractions": "8.0.2",
          "Microsoft.Extensions.Diagnostics.HealthChecks": "8.0.22",
          "Microsoft.Extensions.Hosting": "8.0.1",
          "Microsoft.Extensions.Hosting.Abstractions": "8.0.1",
          "Microsoft.Extensions.Http": "8.0.1",
          "Microsoft.Extensions.Logging.Abstractions": "8.0.3",
          "Microsoft.Extensions.Options": "8.0.2",
          "Microsoft.Extensions.Primitives": "8.0.0",
          "Newtonsoft.Json": "13.0.4",
          "Polly.Core": "8.6.4",
          "Semver": "3.0.0",
          "StackExchange.Redis": "2.9.32",
          "StreamJsonRpc": "2.22.23",
          "System.IO.Hashing": "9.0.10"
        }
      },
      "Microsoft.Extensions.Configuration.Abstractions": {
        "type": "CentralTransitive",
        "requested": "[10.0.0-rtm.25513.102, )",
        "resolved": "10.0.0-rtm.25513.102",
        "contentHash": "wTjs6mlKpw6jMevNCrbY/ZPCoxtEW3tH+IH62d7p/8T8icutVqQrP4w/irR91pC6XluQ3TtlnfixYnVb6eZ6pg==",
        "dependencies": {
          "Microsoft.Extensions.Primitives": "10.0.0-rtm.25513.102"
        }
      },
      "Microsoft.Extensions.DependencyInjection": {
        "type": "CentralTransitive",
        "requested": "[10.0.0-rtm.25513.102, )",
        "resolved": "10.0.0-rtm.25513.102",
        "contentHash": "FVTQvmUiHOctvUMD/+0e3IdYL7yhGnJJKbJZxkVGseOIlgnFBjjzQdC8zcFZQdaGcbSXdkrrHaHDEhZ6AFNwAg==",
        "dependencies": {
          "Microsoft.Extensions.DependencyInjection.Abstractions": "10.0.0-rtm.25513.102"
        }
      },
      "Microsoft.Extensions.DependencyInjection.Abstractions": {
        "type": "CentralTransitive",
        "requested": "[10.0.0-rtm.25513.102, )",
        "resolved": "10.0.0-rtm.25513.102",
        "contentHash": "lnT25oxtWnNe3Fb/MPzSzh8fRyCTQLELB4KbpXQlh3ZPbS6GveAdFDfMg38qvc0yNEY0NNyQ3KPno8lD125U9Q=="
      },
      "Microsoft.Extensions.Hosting": {
        "type": "CentralTransitive",
        "requested": "[10.0.0-rtm.25513.102, )",
        "resolved": "10.0.0-rtm.25513.102",
        "contentHash": "z/Dzygpv7M8EnesKBYAYPBqM3KiTCdphVRm19CApX70GYFSaKFFugfLYRpg4d2p09iSJsrqG3BC2X1KARYTi/A==",
        "dependencies": {
          "Microsoft.Extensions.Configuration": "10.0.0-rtm.25513.102",
          "Microsoft.Extensions.Configuration.Abstractions": "10.0.0-rtm.25513.102",
          "Microsoft.Extensions.Configuration.Binder": "10.0.0-rtm.25513.102",
          "Microsoft.Extensions.Configuration.CommandLine": "10.0.0-rtm.25513.102",
          "Microsoft.Extensions.Configuration.EnvironmentVariables": "10.0.0-rtm.25513.102",
          "Microsoft.Extensions.Configuration.FileExtensions": "10.0.0-rtm.25513.102",
          "Microsoft.Extensions.Configuration.Json": "10.0.0-rtm.25513.102",
          "Microsoft.Extensions.Configuration.UserSecrets": "10.0.0-rtm.25513.102",
          "Microsoft.Extensions.DependencyInjection": "10.0.0-rtm.25513.102",
          "Microsoft.Extensions.DependencyInjection.Abstractions": "10.0.0-rtm.25513.102",
          "Microsoft.Extensions.Diagnostics": "10.0.0-rtm.25513.102",
          "Microsoft.Extensions.FileProviders.Abstractions": "10.0.0-rtm.25513.102",
          "Microsoft.Extensions.FileProviders.Physical": "10.0.0-rtm.25513.102",
          "Microsoft.Extensions.Hosting.Abstractions": "10.0.0-rtm.25513.102",
          "Microsoft.Extensions.Logging": "10.0.0-rtm.25513.102",
          "Microsoft.Extensions.Logging.Abstractions": "10.0.0-rtm.25513.102",
          "Microsoft.Extensions.Logging.Configuration": "10.0.0-rtm.25513.102",
          "Microsoft.Extensions.Logging.Console": "10.0.0-rtm.25513.102",
          "Microsoft.Extensions.Logging.Debug": "10.0.0-rtm.25513.102",
          "Microsoft.Extensions.Logging.EventLog": "10.0.0-rtm.25513.102",
          "Microsoft.Extensions.Logging.EventSource": "10.0.0-rtm.25513.102",
          "Microsoft.Extensions.Options": "10.0.0-rtm.25513.102"
        }
      },
      "Microsoft.Extensions.Http": {
        "type": "CentralTransitive",
        "requested": "[10.0.0-rtm.25513.102, )",
        "resolved": "10.0.0-rtm.25513.102",
        "contentHash": "0ywYihcchl4hMBqBOT975u2A5iNbq7mUlhCSxiongcMrMLJVMbaymUqatmrBXGoUm1BgVTKnLF+kJdkJQQEytw==",
        "dependencies": {
          "Microsoft.Extensions.Configuration.Abstractions": "10.0.0-rtm.25513.102",
          "Microsoft.Extensions.DependencyInjection.Abstractions": "10.0.0-rtm.25513.102",
          "Microsoft.Extensions.Diagnostics": "10.0.0-rtm.25513.102",
          "Microsoft.Extensions.Logging": "10.0.0-rtm.25513.102",
          "Microsoft.Extensions.Logging.Abstractions": "10.0.0-rtm.25513.102",
          "Microsoft.Extensions.Options": "10.0.0-rtm.25513.102"
        }
      },
      "Microsoft.Extensions.Http.Resilience": {
        "type": "CentralTransitive",
        "requested": "[10.0.0, )",
        "resolved": "10.0.0",
        "contentHash": "Mn/diApGtdtz83Mi+XO57WhO+FsiSScfjUsIU/h8nryh3pkUNZGhpUx22NtuOxgYSsrYfODgOa2QMtIQAOv/dA==",
        "dependencies": {
          "Microsoft.Extensions.Http.Diagnostics": "10.0.0",
          "Microsoft.Extensions.ObjectPool": "10.0.0",
          "Microsoft.Extensions.Resilience": "10.0.0"
        }
      },
      "Microsoft.Extensions.Logging.Abstractions": {
        "type": "CentralTransitive",
        "requested": "[10.0.0-rtm.25513.102, )",
        "resolved": "10.0.0-rtm.25513.102",
        "contentHash": "YZujvB6rIvRwrjD5dCujo/lpGYmQG/zJgNvCPUXlyQThAksvuhZKKlovoEbX7MqPc1JHNiWvVMPuQir8Cezk6g==",
        "dependencies": {
          "Microsoft.Extensions.DependencyInjection.Abstractions": "10.0.0-rtm.25513.102"
        }
      },
      "Microsoft.Extensions.Options": {
        "type": "CentralTransitive",
        "requested": "[10.0.0-rtm.25513.102, )",
        "resolved": "10.0.0-rtm.25513.102",
        "contentHash": "YU5l65BxzolOKA61TohtYpVdtM208beTXrCg2EPWhNI8vtsOIZjAyrZUjs4PYolGlQXnRL2PMtHNUnrOwKZ+Sg==",
        "dependencies": {
          "Microsoft.Extensions.DependencyInjection.Abstractions": "10.0.0-rtm.25513.102",
          "Microsoft.Extensions.Primitives": "10.0.0-rtm.25513.102"
        }
      },
      "Microsoft.Extensions.Options.ConfigurationExtensions": {
        "type": "CentralTransitive",
        "requested": "[10.0.0-rtm.25513.102, )",
        "resolved": "10.0.0-rtm.25513.102",
        "contentHash": "GZntVKKbcr0bBOTemwLIZ++9Ezon4ofCDDyAV7adY0MPg95LQcLAJSN89SPoUVYs2CHOyInylFyfzJOqvZ874Q==",
        "dependencies": {
          "Microsoft.Extensions.Configuration.Abstractions": "10.0.0-rtm.25513.102",
          "Microsoft.Extensions.Configuration.Binder": "10.0.0-rtm.25513.102",
          "Microsoft.Extensions.DependencyInjection.Abstractions": "10.0.0-rtm.25513.102",
          "Microsoft.Extensions.Options": "10.0.0-rtm.25513.102",
          "Microsoft.Extensions.Primitives": "10.0.0-rtm.25513.102"
        }
      },
      "Qdrant.Client": {
        "type": "CentralTransitive",
        "requested": "[1.16.1, )",
        "resolved": "1.16.1",
        "contentHash": "EJo50JXTdjY2JOUphCFLXoHukI/tz/ykLCmMnQHUjsKT22ZfL0XIdEziHOC3vjw2SOoY8WDVQ+AxixEonejOZA==",
        "dependencies": {
          "Google.Protobuf": "3.31.0",
          "Grpc.Net.Client": "2.71.0"
        }
      },
      "System.IO.Hashing": {
        "type": "CentralTransitive",
        "requested": "[10.0.0-rtm.25513.102, )",
        "resolved": "10.0.0-rtm.25513.102",
        "contentHash": "WeS7uBs0+69WguGn6OJLxc8NX1aF++CS6rZO8f8znENaR5JsGCFiUSn97VSOr02tSDledKnlWE1Gws5bGBEc4A=="
      },
      "YamlDotNet": {
        "type": "CentralTransitive",
        "requested": "[16.3.0, )",
        "resolved": "16.3.0",
        "contentHash": "SgMOdxbz8X65z8hraIs6hOEdnkH6hESTAIUa7viEngHOYaH+6q5XJmwr1+yb9vJpNQ19hCQY69xbFsLtXpobQA=="
      }
    }
  }
}