{
  "version": 2,
  "dependencies": {
    "net10.0": {
      "Microsoft.Extensions.AI": {
        "type": "Direct",
        "requested": "[10.0.1, )",
        "resolved": "10.0.1",
        "contentHash": "1J4KAyZQsdHt0Dcq5Qsb9l+c5mtZM8F6//VwQse8iIov874aFX1E11UA+Fy/6Krkg2LCw8EtRnobeyADW4slNQ==",
        "dependencies": {
          "Microsoft.Extensions.AI.Abstractions": "10.0.1",
          "Microsoft.Extensions.Caching.Abstractions": "10.0.0",
          "Microsoft.Extensions.DependencyInjection.Abstractions": "10.0.0",
          "Microsoft.Extensions.Logging.Abstractions": "10.0.0",
          "System.Numerics.Tensors": "10.0.0"
        }
      },
      "Microsoft.ML.OnnxRuntime.Gpu": {
        "type": "Direct",
        "requested": "[1.20.1, )",
        "resolved": "1.20.1",
        "contentHash": "ApiYgwyyAJhK8zQO3eCPrBOs38c4IWS/00a/rsTApDuWYfX2opK6LuTms7brySWNdAckkxBC4apGCrkDZrZxcw==",
        "dependencies": {
          "Microsoft.ML.OnnxRuntime.Gpu.Linux": "1.20.1",
          "Microsoft.ML.OnnxRuntime.Gpu.Windows": "1.20.1",
          "Microsoft.ML.OnnxRuntime.Managed": "1.20.1"
        }
      },
      "Microsoft.ML.Tokenizers": {
        "type": "Direct",
        "requested": "[1.0.0, )",
        "resolved": "1.0.0",
        "contentHash": "V7hC7aHOpIBJPu5QqCrLZql/3AhDqfO+Kg/hwuxV0vGl+Ihq9f20bTc8NAocwA7O0wJmYpuwNvAE5+bOOqeoqg==",
        "dependencies": {
          "Google.Protobuf": "3.27.1"
        }
      },
      "Microsoft.SemanticKernel": {
        "type": "Direct",
        "requested": "[1.67.1, )",
        "resolved": "1.67.1",
        "contentHash": "iQGVgpiX0wooQyBbr3qUxnOpxVc+Asxwa6nU2ZJ9gdh+1PmK2vRqkm2LzufF1Jg/4FJCRRXe7rVMYLiAZd6hlw==",
        "dependencies": {
          "Microsoft.SemanticKernel.Connectors.AzureOpenAI": "1.67.1",
          "Microsoft.SemanticKernel.Core": "1.67.1"
        }
      },
      "Microsoft.SemanticKernel.Connectors.OpenAI": {
        "type": "Direct",
        "requested": "[1.67.1, )",
        "resolved": "1.67.1",
        "contentHash": "I4A2qX6IuA3WiWuxz2aKRYsrUcokorW5BXeAfEnPwkVYNUo3Rq9mXbLSWgON7A5q7lALwuLJWLO9w5B49adkmQ==",
        "dependencies": {
          "Microsoft.Extensions.AI.OpenAI": "9.10.0-preview.1.25513.3",
          "Microsoft.SemanticKernel.Core": "1.67.1",
          "OpenAI": "2.5.0"
        }
      },
      "Azure.AI.OpenAI": {
        "type": "Transitive",
        "resolved": "2.5.0-beta.1",
        "contentHash": "ev1tmEhFVCc/JcOhxaysTALZ+hmuLP4ihWanUgwc3kaCQ6reyZ9RAALzBrolYHsln0M4104AHFnSKaIS10qinA==",
        "dependencies": {
          "Azure.Core": "1.49.0",
          "OpenAI": "2.5.0"
        }
      },
      "Azure.Core": {
        "type": "Transitive",
        "resolved": "1.49.0",
        "contentHash": "wmY5VEEVTBJN+8KVB6qSVZYDCMpHs1UXooOijx/NH7OsMtK92NlxhPBpPyh4cR+07R/zyDGvA5+Fss4TpwlO+g==",
        "dependencies": {
          "Microsoft.Bcl.AsyncInterfaces": "8.0.0",
          "System.ClientModel": "1.7.0",
          "System.Memory.Data": "8.0.1"
        }
      },
      "Google.Protobuf": {
        "type": "Transitive",
        "resolved": "3.27.1",
        "contentHash": "7IVz9TzhYCZ8qY0rPhXUnyJSXYdshUqmmxmTI763XmDDSJJFnyfKH43FFcMJu/CZgBcE98xlFztrKwhzcRkiPg=="
      },
      "Microsoft.Bcl.AsyncInterfaces": {
        "type": "Transitive",
        "resolved": "8.0.0",
        "contentHash": "3WA9q9yVqJp222P3x1wYIGDAkpjAku0TMUaaQV22g6L67AI0LdOIrVS7Ht2vJfLHGSPVuqN94vIr15qn+HEkHw=="
      },
      "Microsoft.Bcl.HashCode": {
        "type": "Transitive",
        "resolved": "1.1.1",
        "contentHash": "MalY0Y/uM/LjXtHfX/26l2VtN4LDNZ2OE3aumNOHDLsT4fNYy2hiHXI4CXCqKpNUNm7iJ2brrc4J89UdaL56FA=="
      },
      "Microsoft.Extensions.AI.Abstractions": {
        "type": "Transitive",
        "resolved": "10.0.1",
        "contentHash": "SR78I0BV7ljDovyVsZQqpt2NezdLoDtoIOCNwqAteuPc8f5PEmvDjokOQxKnTwXo/9RBKnmrzuPzbsuvueZcrg=="
      },
      "Microsoft.Extensions.AI.OpenAI": {
        "type": "Transitive",
        "resolved": "9.10.0-preview.1.25513.3",
        "contentHash": "pn0CQBJUhGV/3h+9RO2Fbg35pOYjYmmqpR58t7PrcjPflan2f/dOby5uCFmG93p5fbMsXQFhipWm1vt2JzyemQ==",
        "dependencies": {
          "Microsoft.Extensions.AI.Abstractions": "9.10.0",
          "OpenAI": "2.5.0"
        }
      },
      "Microsoft.Extensions.Caching.Abstractions": {
        "type": "Transitive",
        "resolved": "10.0.0",
        "contentHash": "Zcoy6H9mSoGyvr7UvlGokEZrlZkcPCICPZr8mCsSt9U/N8eeCwCXwKF5bShdA66R0obxBCwP4AxomQHvVkC/uA==",
        "dependencies": {
          "Microsoft.Extensions.Primitives": "10.0.0"
        }
      },
      "Microsoft.Extensions.Primitives": {
        "type": "Transitive",
        "resolved": "10.0.0",
        "contentHash": "inRnbpCS0nwO/RuoZIAqxQUuyjaknOOnCEZB55KSMMjRhl0RQDttSmLSGsUJN3RQ3ocf5NDLFd2mOQViHqMK5w=="
      },
      "Microsoft.ML.OnnxRuntime.Gpu.Linux": {
        "type": "Transitive",
        "resolved": "1.20.1",
        "contentHash": "OxYK8psnuboNIbB36w6HVkrzavo2BjJf7sTN6IA9CSDXClUXHDGji8DGdJNq3MnrywroxuzVcglGlVsXdDzSZg==",
        "dependencies": {
          "Microsoft.ML.OnnxRuntime.Managed": "1.20.1"
        }
      },
      "Microsoft.ML.OnnxRuntime.Gpu.Windows": {
        "type": "Transitive",
        "resolved": "1.20.1",
        "contentHash": "/qRNtAOYQxicitlFHAYbEJJdvzAFl8aC6gShI3f4XRE9MefOVBJtCYY6/58ooevnxFTrAoDrB097d/rtIC/qUg==",
        "dependencies": {
          "Microsoft.ML.OnnxRuntime.Managed": "1.20.1"
        }
      },
      "Microsoft.ML.OnnxRuntime.Managed": {
        "type": "Transitive",
        "resolved": "1.20.1",
        "contentHash": "+EVcEcKdq3gkw6iu8TYl2coJxfPnMi1YQc6eZ80BGNlw6mbBCxNGe6h4udDCwENYWsXFvYjoBc6412t40tl4ew=="
      },
      "Microsoft.SemanticKernel.Abstractions": {
        "type": "Transitive",
        "resolved": "1.67.1",
        "contentHash": "bo+QxFkMjyrEdpXDDKwOObtYhg0W8IywfCjwTepQqWG9anT5ZCEiEe/F9hA+yD+BnuHb8K9wTo/H0JED7ONjYQ==",
        "dependencies": {
          "Microsoft.Bcl.HashCode": "1.1.1",
          "Microsoft.Extensions.AI": "9.10.0",
          "Microsoft.Extensions.VectorData.Abstractions": "9.7.0"
        }
      },
      "Microsoft.SemanticKernel.Connectors.AzureOpenAI": {
        "type": "Transitive",
        "resolved": "1.67.1",
        "contentHash": "fDv38m+3fhmqgBNkB/EJugn09yBf5eHtjbyPMK1ZBcHi2cvS7/IYIveQ31Fvt22VKJJbZ6Xvuy/sXQr6XfMKrA==",
        "dependencies": {
          "Azure.AI.OpenAI": "2.5.0-beta.1",
          "Microsoft.SemanticKernel.Connectors.OpenAI": "1.67.1",
          "Microsoft.SemanticKernel.Core": "1.67.1"
        }
      },
      "Microsoft.SemanticKernel.Core": {
        "type": "Transitive",
        "resolved": "1.67.1",
        "contentHash": "+81iqu3ZsJr+jAGQOTMKd/gbkiK32EPjvp0KueXTCgFoJpFEQrxU+5/V1tfnDyGPvhMkXWwjtVMF576hyE5ufg==",
        "dependencies": {
          "Microsoft.Extensions.DependencyInjection": "9.0.10",
          "Microsoft.SemanticKernel.Abstractions": "1.67.1",
          "System.Numerics.Tensors": "9.0.10"
        }
      },
      "OpenAI": {
        "type": "Transitive",
        "resolved": "2.5.0",
        "contentHash": "DADdrU3XcqwcRfANPl+mmrIROoPZ8m4bQMoLSLq7Ao+eaRr3HdTki+h6NUiJOewb9KpQ8zV3ujXUZIQjIGH7aQ==",
        "dependencies": {
          "System.ClientModel": "1.6.1"
        }
      },
      "System.ClientModel": {
        "type": "Transitive",
        "resolved": "1.7.0",
        "contentHash": "NKKA3/O6B7PxmtIzOifExHdfoWthy3AD4EZ1JfzcZU8yGZTbYrK1qvXsHUL/1yQKKqWSKgIR1Ih/yf2gOaHc4w==",
        "dependencies": {
          "Microsoft.Extensions.Logging.Abstractions": "8.0.3",
          "System.Memory.Data": "8.0.1"
        }
      },
      "System.Memory.Data": {
        "type": "Transitive",
        "resolved": "8.0.1",
        "contentHash": "BVYuec3jV23EMRDeR7Dr1/qhx7369dZzJ9IWy2xylvb4YfXsrUxspWc4UWYid/tj4zZK58uGZqn2WQiaDMhmAg=="
      },
      "Microsoft.Extensions.DependencyInjection": {
        "type": "CentralTransitive",
        "requested": "[10.0.0, )",
        "resolved": "10.0.0",
        "contentHash": "f0RBabswJq+gRu5a+hWIobrLWiUYPKMhCD9WO3sYBAdSy3FFH14LMvLVFZc2kPSCimBLxSuitUhsd6tb0TAY6A==",
        "dependencies": {
          "Microsoft.Extensions.DependencyInjection.Abstractions": "10.0.0"
        }
      },
      "Microsoft.Extensions.DependencyInjection.Abstractions": {
        "type": "CentralTransitive",
        "requested": "[10.0.0, )",
        "resolved": "10.0.0",
        "contentHash": "L3AdmZ1WOK4XXT5YFPEwyt0ep6l8lGIPs7F5OOBZc77Zqeo01Of7XXICy47628sdVl0v/owxYJTe86DTgFwKCA=="
      },
      "Microsoft.Extensions.Logging.Abstractions": {
        "type": "CentralTransitive",
        "requested": "[10.0.0, )",
        "resolved": "10.0.0",
        "contentHash": "FU/IfjDfwaMuKr414SSQNTIti/69bHEMb+QKrskRb26oVqpx3lNFXMjs/RC9ZUuhBhcwDM2BwOgoMw+PZ+beqQ==",
        "dependencies": {
          "Microsoft.Extensions.DependencyInjection.Abstractions": "10.0.0"
        }
      },
      "Microsoft.Extensions.VectorData.Abstractions": {
        "type": "CentralTransitive",
        "requested": "[9.7.0, )",
        "resolved": "9.7.0",
        "contentHash": "Vth/omSCX2vR0JabzSRU/hdPhr0CvUVZlaS2lJPWHrEwvak8ntrQLDtLMtMiWKSvviGBe/WmjUW8gA3qqn9tjw==",
        "dependencies": {
          "Microsoft.Extensions.AI.Abstractions": "9.5.0"
        }
      },
      "System.Numerics.Tensors": {
        "type": "CentralTransitive",
        "requested": "[10.0.0, )",
        "resolved": "10.0.0",
        "contentHash": "PxZKFx8ACAt7gRnTSDgtZFA06cimls5XL1Olv63bWF8qKL5+EQdqq3K02etW4LNut4xDoREPe9z7QYATLMkBPA=="
      }
    }
  }
}