{
  "version": 2,
  "dependencies": {
    "net10.0": {
      "Microsoft.AspNetCore.App.Internal.Assets": {
        "type": "Direct",
        "requested": "[10.0.0-preview.7.25380.108, )",
        "resolved": "10.0.0-preview.7.25380.108",
        "contentHash": "WSgFVVye9pnrNmGnlEYVuKwahLf4ow2AAmjmdb9i+ASkZQswKwrtqqW+4+kGTr6AVoKRr9fgt7rh2NnoXOq+1g=="
      },
      "Microsoft.AspNetCore.Components.WebAssembly": {
        "type": "Direct",
        "requested": "[10.0.0-rtm.25513.102, )",
        "resolved": "10.0.0-rtm.25513.102",
        "contentHash": "S2Na/xdX8wrIYwanV06OQ1pjCTl7ltrcUcVK3zO+RhpwNjHphQGh8lkkO/0aEqpHGvBl4UMjJeV+TvbOOA9UsQ==",
        "dependencies": {
          "Microsoft.AspNetCore.Components.Web": "10.0.0-rtm.25513.102",
          "Microsoft.Extensions.Configuration.Binder": "10.0.0-rtm.25513.102",
          "Microsoft.Extensions.Configuration.Json": "10.0.0-rtm.25513.102",
          "Microsoft.Extensions.Logging": "10.0.0-rtm.25513.102",
          "Microsoft.JSInterop.WebAssembly": "10.0.0-rtm.25513.102"
        }
      },
      "Microsoft.AspNetCore.Components.WebAssembly.DevServer": {
        "type": "Direct",
        "requested": "[10.0.0-rtm.25513.102, )",
        "resolved": "10.0.0-rtm.25513.102",
        "contentHash": "WYMGHAkN6Ow0vZaZ3S++p8N+DoDRk39ksWIQtyUfpkqE0A8M+ARmrfMDYD/O1T1R56QNwo5MKWZmcL4XlWcLXA=="
      },
      "Microsoft.DotNet.HotReload.WebAssembly.Browser": {
        "type": "Direct",
        "requested": "[10.0.100-preview.7.25380.108, )",
        "resolved": "10.0.100-preview.7.25380.108",
        "contentHash": "lBJoLA3vDasaj0pLzWN4Zxo+4tjRlatyE2lcYHLv74TXPR5MZY0zclHR68FoBjPZEDMXts6lT+DsbtpkXkt8XA=="
      },
      "Microsoft.NET.ILLink.Tasks": {
        "type": "Direct",
        "requested": "[10.0.0-preview.7.25380.108, )",
        "resolved": "10.0.0-preview.7.25380.108",
        "contentHash": "YfGJxYNPgM+Kekl7o1W/UR3pSBgZ8ZtTdbQgu2Vf8WfTolNG3fVHFdxU8NzNaio4DzwmGLldEEL9IzvQOLE3SQ=="
      },
      "Microsoft.NET.Sdk.WebAssembly.Pack": {
        "type": "Direct",
        "requested": "[10.0.0-preview.7.25380.108, )",
        "resolved": "10.0.0-preview.7.25380.108",
        "contentHash": "3hfCB8TwhDmqr+WBscm296bdr/gTDndo3Owziioc9h0RJZgnIGZ7gx5vOMQO3IaB95XS7Fx5Jpx+hcPovspWXw=="
      },
      "Microsoft.AspNetCore.Authorization": {
        "type": "Transitive",
        "resolved": "10.0.0-rtm.25513.102",
        "contentHash": "RNJKB3mlIDQUZ/QuCKpesa8eTCw47S2gOZbiPQNtvZ4LkEFnEMirQ4uBYoYQdk6XcVLHkVSshAZQCgwrrPA4bw==",
        "dependencies": {
          "Microsoft.AspNetCore.Metadata": "10.0.0-rtm.25513.102",
          "Microsoft.Extensions.Diagnostics": "10.0.0-rtm.25513.102",
          "Microsoft.Extensions.Logging.Abstractions": "10.0.0-rtm.25513.102",
          "Microsoft.Extensions.Options": "10.0.0-rtm.25513.102"
        }
      },
      "Microsoft.AspNetCore.Components": {
        "type": "Transitive",
        "resolved": "10.0.0-rtm.25513.102",
        "contentHash": "yrQ9Hm2OCVtcuSXGI4x/SAAKwcAMWQo4BBOpGgCEYNS00qlUzSnl87BLo5ccu1QLzaSnxFW7zG5dFksvbY8GWQ==",
        "dependencies": {
          "Microsoft.AspNetCore.Authorization": "10.0.0-rtm.25513.102",
          "Microsoft.AspNetCore.Components.Analyzers": "10.0.0-rtm.25513.102"
        }
      },
      "Microsoft.AspNetCore.Components.Analyzers": {
        "type": "Transitive",
        "resolved": "10.0.0-rtm.25513.102",
        "contentHash": "/RnGlvF4LbYJ2++UlDffVnuva1tEt4RxHPjEvRDGWzD3NSfd9q/SlGVzB4FRl0GCAQH1dOsCMepaXmTGJZIOnA=="
      },
      "Microsoft.AspNetCore.Components.Forms": {
        "type": "Transitive",
        "resolved": "10.0.0-rtm.25513.102",
        "contentHash": "IzPM4HNGrSrGaKgWnZEex8L2SENlnXY//UKBHDXzUodp0b/VLm7OmKVZ7+5TtlkCP8hbsmZk44/EcYWrOhNjPw==",
        "dependencies": {
          "Microsoft.AspNetCore.Components": "10.0.0-rtm.25513.102",
          "Microsoft.Extensions.Validation": "10.0.0-rtm.25513.102"
        }
      },
      "Microsoft.AspNetCore.Components.Web": {
        "type": "Transitive",
        "resolved": "10.0.0-rtm.25513.102",
        "contentHash": "z+UiGvur1BisjMW+XCOm3RY/+k/v+O799DbTF6dABI6wQFFdQLQCG6BuHZF9sPLi/N3uWAbqNeOAjEC8dJ1tDw==",
        "dependencies": {
          "Microsoft.AspNetCore.Components": "10.0.0-rtm.25513.102",
          "Microsoft.AspNetCore.Components.Forms": "10.0.0-rtm.25513.102",
          "Microsoft.Extensions.DependencyInjection": "10.0.0-rtm.25513.102",
          "Microsoft.Extensions.Primitives": "10.0.0-rtm.25513.102",
          "Microsoft.JSInterop": "10.0.0-rtm.25513.102"
        }
      },
      "Microsoft.AspNetCore.Metadata": {
        "type": "Transitive",
        "resolved": "10.0.0-rtm.25513.102",
        "contentHash": "0gtwUpvfw8uRSyb7Db4NLh5YFqXIzt0WBEbxFEGS1/ZECF+ylCQ0txzu9PusPnFZYadyv2dUeRcjBMQnbDOvww=="
      },
      "Microsoft.Extensions.Configuration": {
        "type": "Transitive",
        "resolved": "10.0.0-rtm.25513.102",
        "contentHash": "2C2Zi3AdIV/fCkWmvRBD7h9UUVWXX0Gj9ExwbloKpZQC1oQLhp9xoTZ/ZlqEJEZLbsBvZiD+upRcarSRah+WXA==",
        "dependencies": {
          "Microsoft.Extensions.Configuration.Abstractions": "10.0.0-rtm.25513.102",
          "Microsoft.Extensions.Primitives": "10.0.0-rtm.25513.102"
        }
      },
      "Microsoft.Extensions.Configuration.FileExtensions": {
        "type": "Transitive",
        "resolved": "10.0.0-rtm.25513.102",
        "contentHash": "+waeP721zGOTBUmQdwdRGxwS42b5Bhr1T1MW7ATZhSvdzPTuLtudJsDgdTu4KgcOxZdIRDi2W2x2PrzO40m2ow==",
        "dependencies": {
          "Microsoft.Extensions.Configuration": "10.0.0-rtm.25513.102",
          "Microsoft.Extensions.Configuration.Abstractions": "10.0.0-rtm.25513.102",
          "Microsoft.Extensions.FileProviders.Abstractions": "10.0.0-rtm.25513.102",
          "Microsoft.Extensions.FileProviders.Physical": "10.0.0-rtm.25513.102",
          "Microsoft.Extensions.Primitives": "10.0.0-rtm.25513.102"
        }
      },
      "Microsoft.Extensions.Configuration.Json": {
        "type": "Transitive",
        "resolved": "10.0.0-rtm.25513.102",
        "contentHash": "5V3HDABlOUUO1SEYq4yuq42jpSlJxQyRUQaRHENws8NnLKv8uP0O2JYfMoPAS56CkcfUbsEa14BVbo62WncJ4w==",
        "dependencies": {
          "Microsoft.Extensions.Configuration": "10.0.0-rtm.25513.102",
          "Microsoft.Extensions.Configuration.Abstractions": "10.0.0-rtm.25513.102",
          "Microsoft.Extensions.Configuration.FileExtensions": "10.0.0-rtm.25513.102",
          "Microsoft.Extensions.FileProviders.Abstractions": "10.0.0-rtm.25513.102"
        }
      },
      "Microsoft.Extensions.Diagnostics": {
        "type": "Transitive",
        "resolved": "10.0.0-rtm.25513.102",
        "contentHash": "pZDAbBwdu+TTbjOs0EDPTydxZgBXrFK45qwfennFI278MVdycz1c8+BKJ+jb/I6r1FU6+H54SrtECWwEYzVFLQ==",
        "dependencies": {
          "Microsoft.Extensions.Configuration": "10.0.0-rtm.25513.102",
          "Microsoft.Extensions.Diagnostics.Abstractions": "10.0.0-rtm.25513.102",
          "Microsoft.Extensions.Options.ConfigurationExtensions": "10.0.0-rtm.25513.102"
        }
      },
      "Microsoft.Extensions.Diagnostics.Abstractions": {
        "type": "Transitive",
        "resolved": "10.0.0-rtm.25513.102",
        "contentHash": "c1i06uLuVzYSwto+jqPD3P0b3DDDslSIoVCFz//BV+5GsglCPrhiMPDUwmvKTZil9ZAnageXsFRTMmcU1321eg==",
        "dependencies": {
          "Microsoft.Extensions.DependencyInjection.Abstractions": "10.0.0-rtm.25513.102",
          "Microsoft.Extensions.Options": "10.0.0-rtm.25513.102"
        }
      },
      "Microsoft.Extensions.FileProviders.Abstractions": {
        "type": "Transitive",
        "resolved": "10.0.0-rtm.25513.102",
        "contentHash": "f++YZDyy7BZVZEWn8jlYG53nSf520oHL07zvsKWBbgLbzLJ2mVCAq+Rma0ySYdrlG3c1kcNub895uWNreovrMA==",
        "dependencies": {
          "Microsoft.Extensions.Primitives": "10.0.0-rtm.25513.102"
        }
      },
      "Microsoft.Extensions.FileProviders.Physical": {
        "type": "Transitive",
        "resolved": "10.0.0-rtm.25513.102",
        "contentHash": "LbPOB4LiS6iiMQiLNljMHQSRScyLPed3U1y2RL07nr0zgjV4f2aNiKu05cCWmO3NkqXbqQQqPi6gQO/MygRrHw==",
        "dependencies": {
          "Microsoft.Extensions.FileProviders.Abstractions": "10.0.0-rtm.25513.102",
          "Microsoft.Extensions.FileSystemGlobbing": "10.0.0-rtm.25513.102",
          "Microsoft.Extensions.Primitives": "10.0.0-rtm.25513.102"
        }
      },
      "Microsoft.Extensions.FileSystemGlobbing": {
        "type": "Transitive",
        "resolved": "10.0.0-rtm.25513.102",
        "contentHash": "+q3YWYs2i94TBBu2/yJk342k9Ve3bWKe32swAn1Ske4z1KGJOr66fVmpq9OXd5A1ikOe1DYjOufTuLJmFlT6Ag=="
      },
      "Microsoft.Extensions.Logging": {
        "type": "Transitive",
        "resolved": "10.0.0-rtm.25513.102",
        "contentHash": "1UoQCEIF1b5P3eXr10BuZ3CRBD3oamj+qRvaf0l5tQTt0I5LxdL2USl9WtyC8+pBJbJKG0gf5KxEc7d77oYD/g==",
        "dependencies": {
          "Microsoft.Extensions.DependencyInjection": "10.0.0-rtm.25513.102",
          "Microsoft.Extensions.Logging.Abstractions": "10.0.0-rtm.25513.102",
          "Microsoft.Extensions.Options": "10.0.0-rtm.25513.102"
        }
      },
      "Microsoft.Extensions.Primitives": {
        "type": "Transitive",
        "resolved": "10.0.0-rtm.25513.102",
        "contentHash": "EA4pWB/htuJwK4BJ8r09T7OODmt52sV6jfLrURaWuAknoiUWy9IjpVqBMIoNEYyP/KAWfgXHRDOvZQReilQ1SQ=="
      },
      "Microsoft.Extensions.Validation": {
        "type": "Transitive",
        "resolved": "10.0.0-rtm.25513.102",
        "contentHash": "g4slJM7gIzy/V3IClZ8W5rfezlUypF4rwHbITiGGFywKx23f+HQX8Y74mlzEVntU89/CsiDBNnH31+esohNZMg==",
        "dependencies": {
          "Microsoft.Extensions.DependencyInjection.Abstractions": "10.0.0-rtm.25513.102",
          "Microsoft.Extensions.Options": "10.0.0-rtm.25513.102"
        }
      },
      "Microsoft.JSInterop.WebAssembly": {
        "type": "Transitive",
        "resolved": "10.0.0",
        "contentHash": "j0lrmG+7X4OZh75IzOX00nkwAEjXSgt2Ul6kjwmVkAOBzd8JC1Q/yJ/fC4jWcIXe4h22881Qq1o46p/TnSNaRQ==",
        "dependencies": {
          "Microsoft.JSInterop": "10.0.0"
        }
      },
      "TestableIO.System.IO.Abstractions": {
        "type": "Transitive",
        "resolved": "22.1.0",
        "contentHash": "YQ/IuNE8gP/+yNwQjdqd6DKhB9ADGjosxuY2IMXcQ3729iXa9QRsPlmIBpk73L0s9E2b+MTYhAR/2Spk8REjvA==",
        "dependencies": {
          "Testably.Abstractions.FileSystem.Interface": "10.0.0"
        }
      },
      "TestableIO.System.IO.Abstractions.Wrappers": {
        "type": "Transitive",
        "resolved": "22.1.0",
        "contentHash": "IsW3jQqIiTN4GwdWFx+dzgRL5XR75UDTFVGuuIackPf2d7eH0KKyrx4wuIoASa1XnS9zhgLP39FKwJq6nbbx1w==",
        "dependencies": {
          "Testably.Abstractions.FileSystem.Interface": "10.0.0"
        }
      },
      "Testably.Abstractions.FileSystem.Interface": {
        "type": "Transitive",
        "resolved": "10.0.0",
        "contentHash": "tZOXFLGjkh8TxgMgKeEcM2HAlz9DwndGl6TFLo6ISHcszFX3FkuPMrtVbmqVjhooWNXrgJ/a9cH9ym5MZL1LAg=="
      },
      "aspire-full.shared": {
        "type": "Project",
        "dependencies": {
          "Microsoft.Extensions.Logging.Abstractions": "[10.0.0-rtm.25513.102, )",
          "Microsoft.Extensions.Options": "[10.0.0-rtm.25513.102, )",
          "System.IO.Abstractions": "[22.1.0, )"
        }
      },
      "Microsoft.Extensions.Configuration.Abstractions": {
        "type": "CentralTransitive",
        "requested": "[10.0.0-rtm.25513.102, )",
        "resolved": "10.0.0-rtm.25513.102",
        "contentHash": "wTjs6mlKpw6jMevNCrbY/ZPCoxtEW3tH+IH62d7p/8T8icutVqQrP4w/irR91pC6XluQ3TtlnfixYnVb6eZ6pg==",
        "dependencies": {
          "Microsoft.Extensions.Primitives": "10.0.0-rtm.25513.102"
        }
      },
      "Microsoft.Extensions.Configuration.Binder": {
        "type": "CentralTransitive",
        "requested": "[10.0.0-rtm.25513.102, )",
        "resolved": "10.0.0-rtm.25513.102",
        "contentHash": "df52ZtWrlBNujgLBP5XZmVb/FEDTCQrzMag7HrcVhKqgC6fhXS0flZn0SrAIUrwJYffxNQCI/aoLehfyvf+kDg==",
        "dependencies": {
          "Microsoft.Extensions.Configuration": "10.0.0-rtm.25513.102",
          "Microsoft.Extensions.Configuration.Abstractions": "10.0.0-rtm.25513.102"
        }
      },
      "Microsoft.Extensions.DependencyInjection": {
        "type": "CentralTransitive",
        "requested": "[10.0.0-rtm.25513.102, )",
        "resolved": "10.0.0-rtm.25513.102",
        "contentHash": "FVTQvmUiHOctvUMD/+0e3IdYL7yhGnJJKbJZxkVGseOIlgnFBjjzQdC8zcFZQdaGcbSXdkrrHaHDEhZ6AFNwAg==",
        "dependencies": {
          "Microsoft.Extensions.DependencyInjection.Abstractions": "10.0.0-rtm.25513.102"
        }
      },
      "Microsoft.Extensions.DependencyInjection.Abstractions": {
        "type": "CentralTransitive",
        "requested": "[10.0.0-rtm.25513.102, )",
        "resolved": "10.0.0-rtm.25513.102",
        "contentHash": "lnT25oxtWnNe3Fb/MPzSzh8fRyCTQLELB4KbpXQlh3ZPbS6GveAdFDfMg38qvc0yNEY0NNyQ3KPno8lD125U9Q=="
      },
      "Microsoft.Extensions.Logging.Abstractions": {
        "type": "CentralTransitive",
        "requested": "[10.0.0-rtm.25513.102, )",
        "resolved": "10.0.0-rtm.25513.102",
        "contentHash": "YZujvB6rIvRwrjD5dCujo/lpGYmQG/zJgNvCPUXlyQThAksvuhZKKlovoEbX7MqPc1JHNiWvVMPuQir8Cezk6g==",
        "dependencies": {
          "Microsoft.Extensions.DependencyInjection.Abstractions": "10.0.0-rtm.25513.102"
        }
      },
      "Microsoft.Extensions.Options": {
        "type": "CentralTransitive",
        "requested": "[10.0.0-rtm.25513.102, )",
        "resolved": "10.0.0-rtm.25513.102",
        "contentHash": "YU5l65BxzolOKA61TohtYpVdtM208beTXrCg2EPWhNI8vtsOIZjAyrZUjs4PYolGlQXnRL2PMtHNUnrOwKZ+Sg==",
        "dependencies": {
          "Microsoft.Extensions.DependencyInjection.Abstractions": "10.0.0-rtm.25513.102",
          "Microsoft.Extensions.Primitives": "10.0.0-rtm.25513.102"
        }
      },
      "Microsoft.Extensions.Options.ConfigurationExtensions": {
        "type": "CentralTransitive",
        "requested": "[10.0.0-rtm.25513.102, )",
        "resolved": "10.0.0-rtm.25513.102",
        "contentHash": "GZntVKKbcr0bBOTemwLIZ++9Ezon4ofCDDyAV7adY0MPg95LQcLAJSN89SPoUVYs2CHOyInylFyfzJOqvZ874Q==",
        "dependencies": {
          "Microsoft.Extensions.Configuration.Abstractions": "10.0.0-rtm.25513.102",
          "Microsoft.Extensions.Configuration.Binder": "10.0.0-rtm.25513.102",
          "Microsoft.Extensions.DependencyInjection.Abstractions": "10.0.0-rtm.25513.102",
          "Microsoft.Extensions.Options": "10.0.0-rtm.25513.102",
          "Microsoft.Extensions.Primitives": "10.0.0-rtm.25513.102"
        }
      },
      "System.IO.Abstractions": {
        "type": "CentralTransitive",
        "requested": "[22.1.0, )",
        "resolved": "22.1.0",
        "contentHash": "+QDwmFWQQ84FIRFkOGLwdhJWgOP2Qm+d73edWavzVvYrQ029jjB7CdT24L/F9QvGThN7uYZW6vLLSpvaUBC2Cw==",
        "dependencies": {
          "TestableIO.System.IO.Abstractions": "22.1.0",
          "TestableIO.System.IO.Abstractions.Wrappers": "22.1.0"
        }
      }
    },
    "net10.0/browser-wasm": {}
  }
}